{
  "pins" : [
    {
      "identity" : "vkid-captcha-ios-sdk",
      "kind" : "remoteSourceControl",
      "location" : "https://github.com/VKCOM/vkid-captcha-ios-sdk",
      "state" : {
        "revision" : "b027944e943a80cb2b0c8f15b5d009b109853320",
        "version" : "0.1.5"
      }
    }
  ],
  "version" : 2
}
