// !$*UTF8*$!
{
	archiveVersion = 1;
	classes = {
	};
	objectVersion = 56;
	objects = {

/* Begin PBXBuildFile section */
		05B2AA6D2C89EFDF002E06E2 /* AppDelegate.swift in Sources */ = {isa = PBXBuildFile; fileRef = 05B2AA6C2C89EFDF002E06E2 /* AppDelegate.swift */; };
		05B2AA6F2C89EFDF002E06E2 /* SceneDelegate.swift in Sources */ = {isa = PBXBuildFile; fileRef = 05B2AA6E2C89EFDF002E06E2 /* SceneDelegate.swift */; };
		05B2AA712C89EFDF002E06E2 /* ViewController.swift in Sources */ = {isa = PBXBuildFile; fileRef = 05B2AA702C89EFDF002E06E2 /* ViewController.swift */; };
		05B2AA742C89EFDF002E06E2 /* Base in Resources */ = {isa = PBXBuildFile; fileRef = 05B2AA732C89EFDF002E06E2 /* Base */; };
		05B2AA762C89EFE1002E06E2 /* Assets.xcassets in Resources */ = {isa = PBXBuildFile; fileRef = 05B2AA752C89EFE1002E06E2 /* Assets.xcassets */; };
		05B2AA792C89EFE1002E06E2 /* Base in Resources */ = {isa = PBXBuildFile; fileRef = 05B2AA782C89EFE1002E06E2 /* Base */; };
		FE32C7DD897C06ACBC497E76 /* Pods_CheckCocoaPodsIntegration.framework in Frameworks */ = {isa = PBXBuildFile; fileRef = 9A1E9755454F47433765E096 /* Pods_CheckCocoaPodsIntegration.framework */; };
/* End PBXBuildFile section */

/* Begin PBXFileReference section */
		00B94B40209739A74904BC72 /* Pods-CheckCocoaPodsIntegration.release.xcconfig */ = {isa = PBXFileReference; includeInIndex = 1; lastKnownFileType = text.xcconfig; name = "Pods-CheckCocoaPodsIntegration.release.xcconfig"; path = "../../CheckCocoapodsIntegration/Pods/Target Support Files/Pods-CheckCocoaPodsIntegration/Pods-CheckCocoaPodsIntegration.release.xcconfig"; sourceTree = "<group>"; };
		05B2AA692C89EFDF002E06E2 /* CheckCocoaPodsIntegration.app */ = {isa = PBXFileReference; explicitFileType = wrapper.application; includeInIndex = 0; path = CheckCocoaPodsIntegration.app; sourceTree = BUILT_PRODUCTS_DIR; };
		05B2AA6C2C89EFDF002E06E2 /* AppDelegate.swift */ = {isa = PBXFileReference; lastKnownFileType = sourcecode.swift; path = AppDelegate.swift; sourceTree = "<group>"; };
		05B2AA6E2C89EFDF002E06E2 /* SceneDelegate.swift */ = {isa = PBXFileReference; lastKnownFileType = sourcecode.swift; path = SceneDelegate.swift; sourceTree = "<group>"; };
		05B2AA702C89EFDF002E06E2 /* ViewController.swift */ = {isa = PBXFileReference; lastKnownFileType = sourcecode.swift; path = ViewController.swift; sourceTree = "<group>"; };
		05B2AA732C89EFDF002E06E2 /* Base */ = {isa = PBXFileReference; lastKnownFileType = file.storyboard; name = Base; path = Base.lproj/Main.storyboard; sourceTree = "<group>"; };
		05B2AA752C89EFE1002E06E2 /* Assets.xcassets */ = {isa = PBXFileReference; lastKnownFileType = folder.assetcatalog; path = Assets.xcassets; sourceTree = "<group>"; };
		05B2AA782C89EFE1002E06E2 /* Base */ = {isa = PBXFileReference; lastKnownFileType = file.storyboard; name = Base; path = Base.lproj/LaunchScreen.storyboard; sourceTree = "<group>"; };
		05B2AA7A2C89EFE1002E06E2 /* Info.plist */ = {isa = PBXFileReference; lastKnownFileType = text.plist.xml; path = Info.plist; sourceTree = "<group>"; };
		7D3696179CC83BB5C61A7C4A /* Pods-CheckCocoaPodsIntegration.debug.xcconfig */ = {isa = PBXFileReference; includeInIndex = 1; lastKnownFileType = text.xcconfig; name = "Pods-CheckCocoaPodsIntegration.debug.xcconfig"; path = "../../CheckCocoapodsIntegration/Pods/Target Support Files/Pods-CheckCocoaPodsIntegration/Pods-CheckCocoaPodsIntegration.debug.xcconfig"; sourceTree = "<group>"; };
		9A1E9755454F47433765E096 /* Pods_CheckCocoaPodsIntegration.framework */ = {isa = PBXFileReference; explicitFileType = wrapper.framework; includeInIndex = 0; path = Pods_CheckCocoaPodsIntegration.framework; sourceTree = BUILT_PRODUCTS_DIR; };
/* End PBXFileReference section */

/* Begin PBXFrameworksBuildPhase section */
		05B2AA662C89EFDF002E06E2 /* Frameworks */ = {
			isa = PBXFrameworksBuildPhase;
			buildActionMask = 2147483647;
			files = (
				FE32C7DD897C06ACBC497E76 /* Pods_CheckCocoaPodsIntegration.framework in Frameworks */,
			);
			runOnlyForDeploymentPostprocessing = 0;
		};
/* End PBXFrameworksBuildPhase section */

/* Begin PBXGroup section */
		05B2AA602C89EFDF002E06E2 = {
			isa = PBXGroup;
			children = (
				05B2AA6B2C89EFDF002E06E2 /* CheckCocoaPodsIntegration */,
				05B2AA6A2C89EFDF002E06E2 /* Products */,
				EC5C1FBF2A06F888E54ADE11 /* Pods */,
				9DC4B2117AF2387E6CBB8D8C /* Frameworks */,
			);
			sourceTree = "<group>";
		};
		05B2AA6A2C89EFDF002E06E2 /* Products */ = {
			isa = PBXGroup;
			children = (
				05B2AA692C89EFDF002E06E2 /* CheckCocoaPodsIntegration.app */,
			);
			name = Products;
			sourceTree = "<group>";
		};
		05B2AA6B2C89EFDF002E06E2 /* CheckCocoaPodsIntegration */ = {
			isa = PBXGroup;
			children = (
				05B2AA6C2C89EFDF002E06E2 /* AppDelegate.swift */,
				05B2AA6E2C89EFDF002E06E2 /* SceneDelegate.swift */,
				05B2AA702C89EFDF002E06E2 /* ViewController.swift */,
				05B2AA722C89EFDF002E06E2 /* Main.storyboard */,
				05B2AA752C89EFE1002E06E2 /* Assets.xcassets */,
				05B2AA772C89EFE1002E06E2 /* LaunchScreen.storyboard */,
				05B2AA7A2C89EFE1002E06E2 /* Info.plist */,
			);
			path = CheckCocoaPodsIntegration;
			sourceTree = "<group>";
		};
		9DC4B2117AF2387E6CBB8D8C /* Frameworks */ = {
			isa = PBXGroup;
			children = (
				9A1E9755454F47433765E096 /* Pods_CheckCocoaPodsIntegration.framework */,
			);
			name = Frameworks;
			sourceTree = "<group>";
		};
		EC5C1FBF2A06F888E54ADE11 /* Pods */ = {
			isa = PBXGroup;
			children = (
				7D3696179CC83BB5C61A7C4A /* Pods-CheckCocoaPodsIntegration.debug.xcconfig */,
				00B94B40209739A74904BC72 /* Pods-CheckCocoaPodsIntegration.release.xcconfig */,
			);
			name = Pods;
			path = Pods;
			sourceTree = "<group>";
		};
/* End PBXGroup section */

/* Begin PBXNativeTarget section */
		05B2AA682C89EFDF002E06E2 /* CheckCocoaPodsIntegration */ = {
			isa = PBXNativeTarget;
			buildConfigurationList = 05B2AA7D2C89EFE1002E06E2 /* Build configuration list for PBXNativeTarget "CheckCocoaPodsIntegration" */;
			buildPhases = (
				CEC053012B3C0754B4B6C76A /* [CP] Check Pods Manifest.lock */,
				05B2AA652C89EFDF002E06E2 /* Sources */,
				05B2AA662C89EFDF002E06E2 /* Frameworks */,
				05B2AA672C89EFDF002E06E2 /* Resources */,
				2277BD50ADD5BA0134EF7F7D /* [CP] Embed Pods Frameworks */,
			);
			buildRules = (
			);
			dependencies = (
			);
			name = CheckCocoaPodsIntegration;
			productName = CheckCocoapodsIntegration;
			productReference = 05B2AA692C89EFDF002E06E2 /* CheckCocoaPodsIntegration.app */;
			productType = "com.apple.product-type.application";
		};
/* End PBXNativeTarget section */

/* Begin PBXProject section */
		05B2AA612C89EFDF002E06E2 /* Project object */ = {
			isa = PBXProject;
			attributes = {
				BuildIndependentTargetsInParallel = 1;
				LastSwiftUpdateCheck = 1540;
				LastUpgradeCheck = 1540;
				TargetAttributes = {
					05B2AA682C89EFDF002E06E2 = {
						CreatedOnToolsVersion = 15.4;
					};
				};
			};
			buildConfigurationList = 05B2AA642C89EFDF002E06E2 /* Build configuration list for PBXProject "CheckCocoaPodsIntegration" */;
			compatibilityVersion = "Xcode 14.0";
			developmentRegion = en;
			hasScannedForEncodings = 0;
			knownRegions = (
				en,
				Base,
			);
			mainGroup = 05B2AA602C89EFDF002E06E2;
			productRefGroup = 05B2AA6A2C89EFDF002E06E2 /* Products */;
			projectDirPath = "";
			projectRoot = "";
			targets = (
				05B2AA682C89EFDF002E06E2 /* CheckCocoaPodsIntegration */,
			);
		};
/* End PBXProject section */

/* Begin PBXResourcesBuildPhase section */
		05B2AA672C89EFDF002E06E2 /* Resources */ = {
			isa = PBXResourcesBuildPhase;
			buildActionMask = 2147483647;
			files = (
				05B2AA762C89EFE1002E06E2 /* Assets.xcassets in Resources */,
				05B2AA792C89EFE1002E06E2 /* Base in Resources */,
				05B2AA742C89EFDF002E06E2 /* Base in Resources */,
			);
			runOnlyForDeploymentPostprocessing = 0;
		};
/* End PBXResourcesBuildPhase section */

/* Begin PBXShellScriptBuildPhase section */
		2277BD50ADD5BA0134EF7F7D /* [CP] Embed Pods Frameworks */ = {
			isa = PBXShellScriptBuildPhase;
			buildActionMask = 2147483647;
			files = (
			);
			inputFileListPaths = (
				"${PODS_ROOT}/Target Support Files/Pods-CheckCocoaPodsIntegration/Pods-CheckCocoaPodsIntegration-frameworks-${CONFIGURATION}-input-files.xcfilelist",
			);
			name = "[CP] Embed Pods Frameworks";
			outputFileListPaths = (
				"${PODS_ROOT}/Target Support Files/Pods-CheckCocoaPodsIntegration/Pods-CheckCocoaPodsIntegration-frameworks-${CONFIGURATION}-output-files.xcfilelist",
			);
			runOnlyForDeploymentPostprocessing = 0;
			shellPath = /bin/sh;
			shellScript = "\"${PODS_ROOT}/Target Support Files/Pods-CheckCocoaPodsIntegration/Pods-CheckCocoaPodsIntegration-frameworks.sh\"\n";
			showEnvVarsInLog = 0;
		};
		CEC053012B3C0754B4B6C76A /* [CP] Check Pods Manifest.lock */ = {
			isa = PBXShellScriptBuildPhase;
			buildActionMask = 2147483647;
			files = (
			);
			inputFileListPaths = (
			);
			inputPaths = (
				"${PODS_PODFILE_DIR_PATH}/Podfile.lock",
				"${PODS_ROOT}/Manifest.lock",
			);
			name = "[CP] Check Pods Manifest.lock";
			outputFileListPaths = (
			);
			outputPaths = (
				"$(DERIVED_FILE_DIR)/Pods-CheckCocoaPodsIntegration-checkManifestLockResult.txt",
			);
			runOnlyForDeploymentPostprocessing = 0;
			shellPath = /bin/sh;
			shellScript = "diff \"${PODS_PODFILE_DIR_PATH}/Podfile.lock\" \"${PODS_ROOT}/Manifest.lock\" > /dev/null\nif [ $? != 0 ] ; then\n    # print error to STDERR\n    echo \"error: The sandbox is not in sync with the Podfile.lock. Run 'pod install' or update your CocoaPods installation.\" >&2\n    exit 1\nfi\n# This output is used by Xcode 'outputs' to avoid re-running this script phase.\necho \"SUCCESS\" > \"${SCRIPT_OUTPUT_FILE_0}\"\n";
			showEnvVarsInLog = 0;
		};
/* End PBXShellScriptBuildPhase section */

/* Begin PBXSourcesBuildPhase section */
		05B2AA652C89EFDF002E06E2 /* Sources */ = {
			isa = PBXSourcesBuildPhase;
			buildActionMask = 2147483647;
			files = (
				05B2AA712C89EFDF002E06E2 /* ViewController.swift in Sources */,
				05B2AA6D2C89EFDF002E06E2 /* AppDelegate.swift in Sources */,
				05B2AA6F2C89EFDF002E06E2 /* SceneDelegate.swift in Sources */,
			);
			runOnlyForDeploymentPostprocessing = 0;
		};
/* End PBXSourcesBuildPhase section */

/* Begin PBXVariantGroup section */
		05B2AA722C89EFDF002E06E2 /* Main.storyboard */ = {
			isa = PBXVariantGroup;
			children = (
				05B2AA732C89EFDF002E06E2 /* Base */,
			);
			name = Main.storyboard;
			sourceTree = "<group>";
		};
		05B2AA772C89EFE1002E06E2 /* LaunchScreen.storyboard */ = {
			isa = PBXVariantGroup;
			children = (
				05B2AA782C89EFE1002E06E2 /* Base */,
			);
			name = LaunchScreen.storyboard;
			sourceTree = "<group>";
		};
/* End PBXVariantGroup section */

/* Begin XCBuildConfiguration section */
		05B2AA7B2C89EFE1002E06E2 /* Debug */ = {
			isa = XCBuildConfiguration;
			buildSettings = {
				ALWAYS_SEARCH_USER_PATHS = NO;
				ASSETCATALOG_COMPILER_GENERATE_SWIFT_ASSET_SYMBOL_EXTENSIONS = YES;
				CLANG_ANALYZER_NONNULL = YES;
				CLANG_ANALYZER_NUMBER_OBJECT_CONVERSION = YES_AGGRESSIVE;
				CLANG_CXX_LANGUAGE_STANDARD = "gnu++20";
				CLANG_ENABLE_MODULES = YES;
				CLANG_ENABLE_OBJC_ARC = YES;
				CLANG_ENABLE_OBJC_WEAK = YES;
				CLANG_WARN_BLOCK_CAPTURE_AUTORELEASING = YES;
				CLANG_WARN_BOOL_CONVERSION = YES;
				CLANG_WARN_COMMA = YES;
				CLANG_WARN_CONSTANT_CONVERSION = YES;
				CLANG_WARN_DEPRECATED_OBJC_IMPLEMENTATIONS = YES;
				CLANG_WARN_DIRECT_OBJC_ISA_USAGE = YES_ERROR;
				CLANG_WARN_DOCUMENTATION_COMMENTS = YES;
				CLANG_WARN_EMPTY_BODY = YES;
				CLANG_WARN_ENUM_CONVERSION = YES;
				CLANG_WARN_INFINITE_RECURSION = YES;
				CLANG_WARN_INT_CONVERSION = YES;
				CLANG_WARN_NON_LITERAL_NULL_CONVERSION = YES;
				CLANG_WARN_OBJC_IMPLICIT_RETAIN_SELF = YES;
				CLANG_WARN_OBJC_LITERAL_CONVERSION = YES;
				CLANG_WARN_OBJC_ROOT_CLASS = YES_ERROR;
				CLANG_WARN_QUOTED_INCLUDE_IN_FRAMEWORK_HEADER = YES;
				CLANG_WARN_RANGE_LOOP_ANALYSIS = YES;
				CLANG_WARN_STRICT_PROTOTYPES = YES;
				CLANG_WARN_SUSPICIOUS_MOVE = YES;
				CLANG_WARN_UNGUARDED_AVAILABILITY = YES_AGGRESSIVE;
				CLANG_WARN_UNREACHABLE_CODE = YES;
				CLANG_WARN__DUPLICATE_METHOD_MATCH = YES;
				COPY_PHASE_STRIP = NO;
				DEBUG_INFORMATION_FORMAT = dwarf;
				ENABLE_STRICT_OBJC_MSGSEND = YES;
				ENABLE_TESTABILITY = YES;
				ENABLE_USER_SCRIPT_SANDBOXING = YES;
				GCC_C_LANGUAGE_STANDARD = gnu17;
				GCC_DYNAMIC_NO_PIC = NO;
				GCC_NO_COMMON_BLOCKS = YES;
				GCC_OPTIMIZATION_LEVEL = 0;
				GCC_PREPROCESSOR_DEFINITIONS = (
					"DEBUG=1",
					"$(inherited)",
				);
				GCC_WARN_64_TO_32_BIT_CONVERSION = YES;
				GCC_WARN_ABOUT_RETURN_TYPE = YES_ERROR;
				GCC_WARN_UNDECLARED_SELECTOR = YES;
				GCC_WARN_UNINITIALIZED_AUTOS = YES_AGGRESSIVE;
				GCC_WARN_UNUSED_FUNCTION = YES;
				GCC_WARN_UNUSED_VARIABLE = YES;
				IPHONEOS_DEPLOYMENT_TARGET = 17.5;
				LOCALIZATION_PREFERS_STRING_CATALOGS = YES;
				MTL_ENABLE_DEBUG_INFO = INCLUDE_SOURCE;
				MTL_FAST_MATH = YES;
				ONLY_ACTIVE_ARCH = YES;
				SDKROOT = iphoneos;
				SWIFT_ACTIVE_COMPILATION_CONDITIONS = "DEBUG $(inherited)";
				SWIFT_OPTIMIZATION_LEVEL = "-Onone";
			};
			name = Debug;
		};
		05B2AA7C2C89EFE1002E06E2 /* Release */ = {
			isa = XCBuildConfiguration;
			buildSettings = {
				ALWAYS_SEARCH_USER_PATHS = NO;
				ASSETCATALOG_COMPILER_GENERATE_SWIFT_ASSET_SYMBOL_EXTENSIONS = YES;
				CLANG_ANALYZER_NONNULL = YES;
				CLANG_ANALYZER_NUMBER_OBJECT_CONVERSION = YES_AGGRESSIVE;
				CLANG_CXX_LANGUAGE_STANDARD = "gnu++20";
				CLANG_ENABLE_MODULES = YES;
				CLANG_ENABLE_OBJC_ARC = YES;
				CLANG_ENABLE_OBJC_WEAK = YES;
				CLANG_WARN_BLOCK_CAPTURE_AUTORELEASING = YES;
				CLANG_WARN_BOOL_CONVERSION = YES;
				CLANG_WARN_COMMA = YES;
				CLANG_WARN_CONSTANT_CONVERSION = YES;
				CLANG_WARN_DEPRECATED_OBJC_IMPLEMENTATIONS = YES;
				CLANG_WARN_DIRECT_OBJC_ISA_USAGE = YES_ERROR;
				CLANG_WARN_DOCUMENTATION_COMMENTS = YES;
				CLANG_WARN_EMPTY_BODY = YES;
				CLANG_WARN_ENUM_CONVERSION = YES;
				CLANG_WARN_INFINITE_RECURSION = YES;
				CLANG_WARN_INT_CONVERSION = YES;
				CLANG_WARN_NON_LITERAL_NULL_CONVERSION = YES;
				CLANG_WARN_OBJC_IMPLICIT_RETAIN_SELF = YES;
				CLANG_WARN_OBJC_LITERAL_CONVERSION = YES;
				CLANG_WARN_OBJC_ROOT_CLASS = YES_ERROR;
				CLANG_WARN_QUOTED_INCLUDE_IN_FRAMEWORK_HEADER = YES;
				CLANG_WARN_RANGE_LOOP_ANALYSIS = YES;
				CLANG_WARN_STRICT_PROTOTYPES = YES;
				CLANG_WARN_SUSPICIOUS_MOVE = YES;
				CLANG_WARN_UNGUARDED_AVAILABILITY = YES_AGGRESSIVE;
				CLANG_WARN_UNREACHABLE_CODE = YES;
				CLANG_WARN__DUPLICATE_METHOD_MATCH = YES;
				COPY_PHASE_STRIP = NO;
				DEBUG_INFORMATION_FORMAT = "dwarf-with-dsym";
				ENABLE_NS_ASSERTIONS = NO;
				ENABLE_STRICT_OBJC_MSGSEND = YES;
				ENABLE_USER_SCRIPT_SANDBOXING = YES;
				GCC_C_LANGUAGE_STANDARD = gnu17;
				GCC_NO_COMMON_BLOCKS = YES;
				GCC_WARN_64_TO_32_BIT_CONVERSION = YES;
				GCC_WARN_ABOUT_RETURN_TYPE = YES_ERROR;
				GCC_WARN_UNDECLARED_SELECTOR = YES;
				GCC_WARN_UNINITIALIZED_AUTOS = YES_AGGRESSIVE;
				GCC_WARN_UNUSED_FUNCTION = YES;
				GCC_WARN_UNUSED_VARIABLE = YES;
				IPHONEOS_DEPLOYMENT_TARGET = 17.5;
				LOCALIZATION_PREFERS_STRING_CATALOGS = YES;
				MTL_ENABLE_DEBUG_INFO = NO;
				MTL_FAST_MATH = YES;
				SDKROOT = iphoneos;
				SWIFT_COMPILATION_MODE = wholemodule;
				VALIDATE_PRODUCT = YES;
			};
			name = Release;
		};
		05B2AA7E2C89EFE1002E06E2 /* Debug */ = {
			isa = XCBuildConfiguration;
			baseConfigurationReference = 7D3696179CC83BB5C61A7C4A /* Pods-CheckCocoaPodsIntegration.debug.xcconfig */;
			buildSettings = {
				ASSETCATALOG_COMPILER_APPICON_NAME = AppIcon;
				ASSETCATALOG_COMPILER_GLOBAL_ACCENT_COLOR_NAME = AccentColor;
				CODE_SIGN_STYLE = Automatic;
				CURRENT_PROJECT_VERSION = 1;
				DEVELOPMENT_TEAM = W8P5V4C6JE;
				ENABLE_USER_SCRIPT_SANDBOXING = NO;
				GENERATE_INFOPLIST_FILE = YES;
				INFOPLIST_FILE = CheckCocoapodsIntegration/Info.plist;
				INFOPLIST_KEY_UIApplicationSupportsIndirectInputEvents = YES;
				INFOPLIST_KEY_UILaunchStoryboardName = LaunchScreen;
				INFOPLIST_KEY_UIMainStoryboardFile = Main;
				INFOPLIST_KEY_UISupportedInterfaceOrientations_iPad = "UIInterfaceOrientationPortrait UIInterfaceOrientationPortraitUpsideDown UIInterfaceOrientationLandscapeLeft UIInterfaceOrientationLandscapeRight";
				INFOPLIST_KEY_UISupportedInterfaceOrientations_iPhone = "UIInterfaceOrientationPortrait UIInterfaceOrientationLandscapeLeft UIInterfaceOrientationLandscapeRight";
				LD_RUNPATH_SEARCH_PATHS = (
					"$(inherited)",
					"@executable_path/Frameworks",
				);
				MARKETING_VERSION = 1.0;
				PRODUCT_BUNDLE_IDENTIFIER = VKIDSDK.CheckCocoapodsIntegration;
				PRODUCT_NAME = "$(TARGET_NAME)";
				SWIFT_EMIT_LOC_STRINGS = YES;
				SWIFT_VERSION = 5.0;
				TARGETED_DEVICE_FAMILY = "1,2";
			};
			name = Debug;
		};
		05B2AA7F2C89EFE1002E06E2 /* Release */ = {
			isa = XCBuildConfiguration;
			baseConfigurationReference = 00B94B40209739A74904BC72 /* Pods-CheckCocoaPodsIntegration.release.xcconfig */;
			buildSettings = {
				ASSETCATALOG_COMPILER_APPICON_NAME = AppIcon;
				ASSETCATALOG_COMPILER_GLOBAL_ACCENT_COLOR_NAME = AccentColor;
				CODE_SIGN_STYLE = Automatic;
				CURRENT_PROJECT_VERSION = 1;
				DEVELOPMENT_TEAM = W8P5V4C6JE;
				ENABLE_USER_SCRIPT_SANDBOXING = NO;
				GENERATE_INFOPLIST_FILE = YES;
				INFOPLIST_FILE = CheckCocoapodsIntegration/Info.plist;
				INFOPLIST_KEY_UIApplicationSupportsIndirectInputEvents = YES;
				INFOPLIST_KEY_UILaunchStoryboardName = LaunchScreen;
				INFOPLIST_KEY_UIMainStoryboardFile = Main;
				INFOPLIST_KEY_UISupportedInterfaceOrientations_iPad = "UIInterfaceOrientationPortrait UIInterfaceOrientationPortraitUpsideDown UIInterfaceOrientationLandscapeLeft UIInterfaceOrientationLandscapeRight";
				INFOPLIST_KEY_UISupportedInterfaceOrientations_iPhone = "UIInterfaceOrientationPortrait UIInterfaceOrientationLandscapeLeft UIInterfaceOrientationLandscapeRight";
				LD_RUNPATH_SEARCH_PATHS = (
					"$(inherited)",
					"@executable_path/Frameworks",
				);
				MARKETING_VERSION = 1.0;
				PRODUCT_BUNDLE_IDENTIFIER = VKIDSDK.CheckCocoapodsIntegration;
				PRODUCT_NAME = "$(TARGET_NAME)";
				SWIFT_EMIT_LOC_STRINGS = YES;
				SWIFT_VERSION = 5.0;
				TARGETED_DEVICE_FAMILY = "1,2";
			};
			name = Release;
		};
/* End XCBuildConfiguration section */

/* Begin XCConfigurationList section */
		05B2AA642C89EFDF002E06E2 /* Build configuration list for PBXProject "CheckCocoaPodsIntegration" */ = {
			isa = XCConfigurationList;
			buildConfigurations = (
				05B2AA7B2C89EFE1002E06E2 /* Debug */,
				05B2AA7C2C89EFE1002E06E2 /* Release */,
			);
			defaultConfigurationIsVisible = 0;
			defaultConfigurationName = Release;
		};
		05B2AA7D2C89EFE1002E06E2 /* Build configuration list for PBXNativeTarget "CheckCocoaPodsIntegration" */ = {
			isa = XCConfigurationList;
			buildConfigurations = (
				05B2AA7E2C89EFE1002E06E2 /* Debug */,
				05B2AA7F2C89EFE1002E06E2 /* Release */,
			);
			defaultConfigurationIsVisible = 0;
			defaultConfigurationName = Release;
		};
/* End XCConfigurationList section */
	};
	rootObject = 05B2AA612C89EFDF002E06E2 /* Project object */;
}
