// !$*UTF8*$!
{
	archiveVersion = 1;
	classes = {
	};
	objectVersion = 56;
	objects = {

/* Begin PBXBuildFile section */
		051962CD2BA0CB31003E8019 /* LogoutServiceMock.swift in Sources */ = {isa = PBXBuildFile; fileRef = 051962CC2BA0CB31003E8019 /* LogoutServiceMock.swift */; };
		051962CF2BA0CBFC003E8019 /* Entity.swift in Sources */ = {isa = PBXBuildFile; fileRef = 051962CE2BA0CBFC003E8019 /* Entity.swift */; };
		051962D32BA0CF8B003E8019 /* TransportMock.swift in Sources */ = {isa = PBXBuildFile; fileRef = 051962D22BA0CF8B003E8019 /* TransportMock.swift */; };
		051962D52BA37D73003E8019 /* UserFetchingTests.swift in Sources */ = {isa = PBXBuildFile; fileRef = 051962D42BA37D73003E8019 /* UserFetchingTests.swift */; };
		051962D72BA3800C003E8019 /* RefreshTokenServiceMock.swift in Sources */ = {isa = PBXBuildFile; fileRef = 051962D62BA3800C003E8019 /* RefreshTokenServiceMock.swift */; };
		051962DA2BA3858B003E8019 /* ResponseUser+User.swift in Sources */ = {isa = PBXBuildFile; fileRef = 051962D92BA3858B003E8019 /* ResponseUser+User.swift */; };
		051962DC2BA39149003E8019 /* UserInfoServiceMock.swift in Sources */ = {isa = PBXBuildFile; fileRef = 051962DB2BA39149003E8019 /* UserInfoServiceMock.swift */; };
		0519638D2BA5B294003E8019 /* RefreshTokensResponse+Success.swift in Sources */ = {isa = PBXBuildFile; fileRef = 0519638C2BA5B294003E8019 /* RefreshTokensResponse+Success.swift */; };
		051FD2922AF3C7B90082990B /* Localizable.strings in Resources */ = {isa = PBXBuildFile; fileRef = 051FD2942AF3C7B90082990B /* Localizable.strings */; };
		052754312BE39B7F00291A0D /* String+Scope.swift in Sources */ = {isa = PBXBuildFile; fileRef = 052754302BE39B7F00291A0D /* String+Scope.swift */; };
		055AD2012B874DF400E48766 /* DeviceIDTests.swift in Sources */ = {isa = PBXBuildFile; fileRef = 055AD2002B874DF400E48766 /* DeviceIDTests.swift */; };
		057500D12B0E0635008EEB4B /* PickerView.swift in Sources */ = {isa = PBXBuildFile; fileRef = 057500D02B0E0635008EEB4B /* PickerView.swift */; };
		0591B0252BA9E8C200B18F98 /* DebugSettingsTextFieldCell.swift in Sources */ = {isa = PBXBuildFile; fileRef = 0591B0242BA9E8C200B18F98 /* DebugSettingsTextFieldCell.swift */; };
		05A6A5612BC83B8E00B01882 /* UserSessionData.swift in Sources */ = {isa = PBXBuildFile; fileRef = 05A6A5602BC83B8E00B01882 /* UserSessionData.swift */; };
		05AF56CA2BC45FF700A267EF /* OAuth.swift in Sources */ = {isa = PBXBuildFile; fileRef = 05AF56C92BC45FF700A267EF /* OAuth.swift */; };
		05BF33AA2BDBF61A0060D3B9 /* AuthFlowData+ExchangeAuthCode.swift in Sources */ = {isa = PBXBuildFile; fileRef = 05BF33A92BDBF61A0060D3B9 /* AuthFlowData+ExchangeAuthCode.swift */; };
		05CACE372BC91B81008A76A6 /* LegacyLogoutServiceMock.swift in Sources */ = {isa = PBXBuildFile; fileRef = 05CACE362BC91B7C008A76A6 /* LegacyLogoutServiceMock.swift */; };
		05F287B22BA0998300603372 /* RefreshTokenTests.swift in Sources */ = {isa = PBXBuildFile; fileRef = 05F287B12BA0998300603372 /* RefreshTokenTests.swift */; };
		05F287B62BA09B9600603372 /* LoggerMock.swift in Sources */ = {isa = PBXBuildFile; fileRef = 05F287B52BA09B9600603372 /* LoggerMock.swift */; };
		0CCD7A792B5005BC00846B7C /* Collection+Safe.swift in Sources */ = {isa = PBXBuildFile; fileRef = 0CCD7A782B5005BC00846B7C /* Collection+Safe.swift */; };
		1752AE322AF135890013D976 /* StepSlider.swift in Sources */ = {isa = PBXBuildFile; fileRef = 1752AE302AF135890013D976 /* StepSlider.swift */; };
		175364E02B7D1BD4008AB285 /* ImageLoader.swift in Sources */ = {isa = PBXBuildFile; fileRef = 175364DF2B7D1BD4008AB285 /* ImageLoader.swift */; };
		175364E32B7D2366008AB285 /* UIImageView+LoadImage.swift in Sources */ = {isa = PBXBuildFile; fileRef = 175364E22B7D2366008AB285 /* UIImageView+LoadImage.swift */; };
		175365582B7E6E7B008AB285 /* UserSessionsViewController.swift in Sources */ = {isa = PBXBuildFile; fileRef = 175365572B7E6E7B008AB285 /* UserSessionsViewController.swift */; };
		1753655A2B7F3D67008AB285 /* UserSessionTableViewCell.swift in Sources */ = {isa = PBXBuildFile; fileRef = 175365592B7F3D67008AB285 /* UserSessionTableViewCell.swift */; };
		176924522BB1C0DC00E98210 /* UserSessionManagerUpdateSessionTests.swift in Sources */ = {isa = PBXBuildFile; fileRef = 1769244F2BB1C0DC00E98210 /* UserSessionManagerUpdateSessionTests.swift */; };
		176924532BB1C0DC00E98210 /* UserSessionManagerCreateSessionTests.swift in Sources */ = {isa = PBXBuildFile; fileRef = 176924502BB1C0DC00E98210 /* UserSessionManagerCreateSessionTests.swift */; };
		176924542BB1C0DC00E98210 /* UserSessionManagerLogoutSessionTests.swift in Sources */ = {isa = PBXBuildFile; fileRef = 176924512BB1C0DC00E98210 /* UserSessionManagerLogoutSessionTests.swift */; };
		176924562BB2F8BF00E98210 /* Entity.swift in Sources */ = {isa = PBXBuildFile; fileRef = 176924552BB2F8BF00E98210 /* Entity.swift */; };
		1769245A2BB432B100E98210 /* VKIDAllureReport in Frameworks */ = {isa = PBXBuildFile; productRef = 176924592BB432B100E98210 /* VKIDAllureReport */; };
		1769245E2BB479A600E98210 /* UserSessionManagerTestsDependency.swift in Sources */ = {isa = PBXBuildFile; fileRef = 1769245D2BB479A600E98210 /* UserSessionManagerTestsDependency.swift */; };
		177F4A052B9752A3001EC2CE /* UserSessionDataStorageTests.swift in Sources */ = {isa = PBXBuildFile; fileRef = 177F49FA2B9752A3001EC2CE /* UserSessionDataStorageTests.swift */; };
		177F4A062B9752A3001EC2CE /* KeychainTests.swift in Sources */ = {isa = PBXBuildFile; fileRef = 177F49FB2B9752A3001EC2CE /* KeychainTests.swift */; };
		177F4A072B9752A3001EC2CE /* UserSessionManagerDelegateMock.swift in Sources */ = {isa = PBXBuildFile; fileRef = 177F49FD2B9752A3001EC2CE /* UserSessionManagerDelegateMock.swift */; };
		177F4A082B9752A3001EC2CE /* LogoutServiceMock.swift in Sources */ = {isa = PBXBuildFile; fileRef = 177F49FE2B9752A3001EC2CE /* LogoutServiceMock.swift */; };
		177F4A092B9752A3001EC2CE /* LoggerMock.swift in Sources */ = {isa = PBXBuildFile; fileRef = 177F49FF2B9752A3001EC2CE /* LoggerMock.swift */; };
		177F4A0A2B9752A3001EC2CE /* Error+Equatable.swift in Sources */ = {isa = PBXBuildFile; fileRef = 177F4A012B9752A3001EC2CE /* Error+Equatable.swift */; };
		177F4A0B2B9752A3001EC2CE /* UserSessionData+Random.swift in Sources */ = {isa = PBXBuildFile; fileRef = 177F4A022B9752A3001EC2CE /* UserSessionData+Random.swift */; };
		177F4A0C2B9752A3001EC2CE /* Int+Random.swift in Sources */ = {isa = PBXBuildFile; fileRef = 177F4A032B9752A3001EC2CE /* Int+Random.swift */; };
		179F905D2B1E46FD00E2D2AA /* OneTapWithOAuthCustomizationController.swift in Sources */ = {isa = PBXBuildFile; fileRef = 179F905C2B1E46FD00E2D2AA /* OneTapWithOAuthCustomizationController.swift */; };
		17CA41892AF1BB93008C81C1 /* VKIDDemoViewController.swift in Sources */ = {isa = PBXBuildFile; fileRef = 17CA41882AF1BB93008C81C1 /* VKIDDemoViewController.swift */; };
		17CA418C2AF1D755008C81C1 /* MeasureView.swift in Sources */ = {isa = PBXBuildFile; fileRef = 17CA418B2AF1D755008C81C1 /* MeasureView.swift */; };
		A201B19E2AAB375900E8FA58 /* InfoPlist.swift in Sources */ = {isa = PBXBuildFile; fileRef = A201B19D2AAB375900E8FA58 /* InfoPlist.swift */; };
		A241BDFE2A55DDB10062825F /* VKID in Frameworks */ = {isa = PBXBuildFile; productRef = A241BDFD2A55DDB10062825F /* VKID */; };
		A241BE002A55DDB10062825F /* VKIDCore in Frameworks */ = {isa = PBXBuildFile; productRef = A241BDFF2A55DDB10062825F /* VKIDCore */; };
		A24B645D2A9E2C4400E45F3B /* DebugSettingsViewController.swift in Sources */ = {isa = PBXBuildFile; fileRef = A24B645C2A9E2C4400E45F3B /* DebugSettingsViewController.swift */; };
		A24B645F2A9E2DD500E45F3B /* DebugSettings.swift in Sources */ = {isa = PBXBuildFile; fileRef = A24B645E2A9E2DD500E45F3B /* DebugSettings.swift */; };
		A24B64612A9E407B00E45F3B /* AuthViewController+DebugSettings.swift in Sources */ = {isa = PBXBuildFile; fileRef = A24B64602A9E407B00E45F3B /* AuthViewController+DebugSettings.swift */; };
		A24B64C42AA1FD6B00E45F3B /* UIColot+Palette.swift in Sources */ = {isa = PBXBuildFile; fileRef = A24B64C32AA1FD6B00E45F3B /* UIColot+Palette.swift */; };
		A254E63A2ACC61920035D4F7 /* VKIDCore in Frameworks */ = {isa = PBXBuildFile; productRef = A254E6392ACC61920035D4F7 /* VKIDCore */; };
		A257BEFF2B162C390060F9A2 /* AlertPresentable.swift in Sources */ = {isa = PBXBuildFile; fileRef = A257BEFE2B162C390060F9A2 /* AlertPresentable.swift */; };
		A25C941B2B8DC54600D0C412 /* VKIDSSLPinningTests.swift in Sources */ = {isa = PBXBuildFile; fileRef = A25C941A2B8DC54600D0C412 /* VKIDSSLPinningTests.swift */; };
		A25C94202B8DC58800D0C412 /* VKID in Frameworks */ = {isa = PBXBuildFile; productRef = A25C941F2B8DC58800D0C412 /* VKID */; };
		A25C94222B8DC58800D0C412 /* VKIDCore in Frameworks */ = {isa = PBXBuildFile; productRef = A25C94212B8DC58800D0C412 /* VKIDCore */; };
		A26A35FC2B0D005A008A4F99 /* ControlsViewController.swift in Sources */ = {isa = PBXBuildFile; fileRef = A26A35FB2B0D005A008A4F99 /* ControlsViewController.swift */; };
		A26A35FE2B0D0CED008A4F99 /* OneTapButtonCustomizationController.swift in Sources */ = {isa = PBXBuildFile; fileRef = A26A35FD2B0D0CED008A4F99 /* OneTapButtonCustomizationController.swift */; };
		A26A36002B0D151E008A4F99 /* OneTapBottomSheetCustomizationController.swift in Sources */ = {isa = PBXBuildFile; fileRef = A26A35FF2B0D151E008A4F99 /* OneTapBottomSheetCustomizationController.swift */; };
		A271F71A2B0FD4670015B61C /* OAuthListWidgetCustomizationController.swift in Sources */ = {isa = PBXBuildFile; fileRef = A271F7192B0FD4670015B61C /* OAuthListWidgetCustomizationController.swift */; };
		A27EFD332B185245001CF285 /* DebugSettingsStorage.swift in Sources */ = {isa = PBXBuildFile; fileRef = A27EFD322B185245001CF285 /* DebugSettingsStorage.swift */; };
		A2E5F5EE2A55A65D0079DE1F /* AppDelegate.swift in Sources */ = {isa = PBXBuildFile; fileRef = A2E5F5ED2A55A65D0079DE1F /* AppDelegate.swift */; };
		A2E5F5F22A55A65D0079DE1F /* AuthViewController.swift in Sources */ = {isa = PBXBuildFile; fileRef = A2E5F5F12A55A65D0079DE1F /* AuthViewController.swift */; };
		A2E5F5F72A55A65E0079DE1F /* Assets.xcassets in Resources */ = {isa = PBXBuildFile; fileRef = A2E5F5F62A55A65E0079DE1F /* Assets.xcassets */; };
		A2E5F5FA2A55A65E0079DE1F /* LaunchScreen.storyboard in Resources */ = {isa = PBXBuildFile; fileRef = A2E5F5F82A55A65E0079DE1F /* LaunchScreen.storyboard */; };
/* End PBXBuildFile section */

/* Begin PBXContainerItemProxy section */
		A23148DF2ACC5B6C0077B442 /* PBXContainerItemProxy */ = {
			isa = PBXContainerItemProxy;
			containerPortal = A2E5F5E22A55A65D0079DE1F /* Project object */;
			proxyType = 1;
			remoteGlobalIDString = A2E5F5E92A55A65D0079DE1F;
			remoteInfo = VKIDDemo;
		};
/* End PBXContainerItemProxy section */

/* Begin PBXFileReference section */
		051962CC2BA0CB31003E8019 /* LogoutServiceMock.swift */ = {isa = PBXFileReference; lastKnownFileType = sourcecode.swift; path = LogoutServiceMock.swift; sourceTree = "<group>"; };
		051962CE2BA0CBFC003E8019 /* Entity.swift */ = {isa = PBXFileReference; lastKnownFileType = sourcecode.swift; path = Entity.swift; sourceTree = "<group>"; };
		051962D22BA0CF8B003E8019 /* TransportMock.swift */ = {isa = PBXFileReference; lastKnownFileType = sourcecode.swift; path = TransportMock.swift; sourceTree = "<group>"; };
		051962D42BA37D73003E8019 /* UserFetchingTests.swift */ = {isa = PBXFileReference; lastKnownFileType = sourcecode.swift; path = UserFetchingTests.swift; sourceTree = "<group>"; };
		051962D62BA3800C003E8019 /* RefreshTokenServiceMock.swift */ = {isa = PBXFileReference; lastKnownFileType = sourcecode.swift; path = RefreshTokenServiceMock.swift; sourceTree = "<group>"; };
		051962D92BA3858B003E8019 /* ResponseUser+User.swift */ = {isa = PBXFileReference; lastKnownFileType = sourcecode.swift; path = "ResponseUser+User.swift"; sourceTree = "<group>"; };
		051962DB2BA39149003E8019 /* UserInfoServiceMock.swift */ = {isa = PBXFileReference; lastKnownFileType = sourcecode.swift; path = UserInfoServiceMock.swift; sourceTree = "<group>"; };
		0519638C2BA5B294003E8019 /* RefreshTokensResponse+Success.swift */ = {isa = PBXFileReference; lastKnownFileType = sourcecode.swift; path = "RefreshTokensResponse+Success.swift"; sourceTree = "<group>"; };
		051FD2932AF3C7B90082990B /* en */ = {isa = PBXFileReference; lastKnownFileType = text.plist.strings; name = en; path = en.lproj/Localizable.strings; sourceTree = "<group>"; };
		051FD2952AF3C7E20082990B /* ru */ = {isa = PBXFileReference; lastKnownFileType = text.plist.strings; name = ru; path = ru.lproj/Localizable.strings; sourceTree = "<group>"; };
		051FD2962AF3CCB00082990B /* de */ = {isa = PBXFileReference; lastKnownFileType = text.plist.strings; name = de; path = de.lproj/Localizable.strings; sourceTree = "<group>"; };
		051FD2972AF3CCC50082990B /* es */ = {isa = PBXFileReference; lastKnownFileType = text.plist.strings; name = es; path = es.lproj/Localizable.strings; sourceTree = "<group>"; };
		051FD2982AF3CCFB0082990B /* uk */ = {isa = PBXFileReference; lastKnownFileType = text.plist.strings; name = uk; path = uk.lproj/Localizable.strings; sourceTree = "<group>"; };
		051FD2992AF3CD120082990B /* pl */ = {isa = PBXFileReference; lastKnownFileType = text.plist.strings; name = pl; path = pl.lproj/Localizable.strings; sourceTree = "<group>"; };
		051FD29A2AF3CD210082990B /* fr */ = {isa = PBXFileReference; lastKnownFileType = text.plist.strings; name = fr; path = fr.lproj/Localizable.strings; sourceTree = "<group>"; };
		051FD29B2AF3CD2E0082990B /* tr */ = {isa = PBXFileReference; lastKnownFileType = text.plist.strings; name = tr; path = tr.lproj/Localizable.strings; sourceTree = "<group>"; };
		052754302BE39B7F00291A0D /* String+Scope.swift */ = {isa = PBXFileReference; lastKnownFileType = sourcecode.swift; path = "String+Scope.swift"; sourceTree = "<group>"; };
		055AD2002B874DF400E48766 /* DeviceIDTests.swift */ = {isa = PBXFileReference; fileEncoding = 4; lastKnownFileType = sourcecode.swift; path = DeviceIDTests.swift; sourceTree = "<group>"; };
		057500D02B0E0635008EEB4B /* PickerView.swift */ = {isa = PBXFileReference; lastKnownFileType = sourcecode.swift; path = PickerView.swift; sourceTree = "<group>"; };
		0591B0242BA9E8C200B18F98 /* DebugSettingsTextFieldCell.swift */ = {isa = PBXFileReference; lastKnownFileType = sourcecode.swift; path = DebugSettingsTextFieldCell.swift; sourceTree = "<group>"; };
		05A6A5602BC83B8E00B01882 /* UserSessionData.swift */ = {isa = PBXFileReference; lastKnownFileType = sourcecode.swift; path = UserSessionData.swift; sourceTree = "<group>"; };
		05AF56C92BC45FF700A267EF /* OAuth.swift */ = {isa = PBXFileReference; lastKnownFileType = sourcecode.swift; path = OAuth.swift; sourceTree = "<group>"; };
		05BF33A92BDBF61A0060D3B9 /* AuthFlowData+ExchangeAuthCode.swift */ = {isa = PBXFileReference; lastKnownFileType = sourcecode.swift; path = "AuthFlowData+ExchangeAuthCode.swift"; sourceTree = "<group>"; };
		05CACE362BC91B7C008A76A6 /* LegacyLogoutServiceMock.swift */ = {isa = PBXFileReference; fileEncoding = 4; lastKnownFileType = sourcecode.swift; path = LegacyLogoutServiceMock.swift; sourceTree = "<group>"; };
		05F287B12BA0998300603372 /* RefreshTokenTests.swift */ = {isa = PBXFileReference; lastKnownFileType = sourcecode.swift; path = RefreshTokenTests.swift; sourceTree = "<group>"; };
		05F287B52BA09B9600603372 /* LoggerMock.swift */ = {isa = PBXFileReference; lastKnownFileType = sourcecode.swift; path = LoggerMock.swift; sourceTree = "<group>"; };
		0CCD7A782B5005BC00846B7C /* Collection+Safe.swift */ = {isa = PBXFileReference; lastKnownFileType = sourcecode.swift; path = "Collection+Safe.swift"; sourceTree = "<group>"; };
		1752AE302AF135890013D976 /* StepSlider.swift */ = {isa = PBXFileReference; lastKnownFileType = sourcecode.swift; path = StepSlider.swift; sourceTree = "<group>"; };
		175364DF2B7D1BD4008AB285 /* ImageLoader.swift */ = {isa = PBXFileReference; lastKnownFileType = sourcecode.swift; path = ImageLoader.swift; sourceTree = "<group>"; };
		175364E22B7D2366008AB285 /* UIImageView+LoadImage.swift */ = {isa = PBXFileReference; lastKnownFileType = sourcecode.swift; path = "UIImageView+LoadImage.swift"; sourceTree = "<group>"; };
		175365572B7E6E7B008AB285 /* UserSessionsViewController.swift */ = {isa = PBXFileReference; lastKnownFileType = sourcecode.swift; path = UserSessionsViewController.swift; sourceTree = "<group>"; };
		175365592B7F3D67008AB285 /* UserSessionTableViewCell.swift */ = {isa = PBXFileReference; lastKnownFileType = sourcecode.swift; path = UserSessionTableViewCell.swift; sourceTree = "<group>"; };
		1769244F2BB1C0DC00E98210 /* UserSessionManagerUpdateSessionTests.swift */ = {isa = PBXFileReference; fileEncoding = 4; lastKnownFileType = sourcecode.swift; name = UserSessionManagerUpdateSessionTests.swift; path = UserSessionManager/UserSessionManagerUpdateSessionTests.swift; sourceTree = "<group>"; };
		176924502BB1C0DC00E98210 /* UserSessionManagerCreateSessionTests.swift */ = {isa = PBXFileReference; fileEncoding = 4; lastKnownFileType = sourcecode.swift; name = UserSessionManagerCreateSessionTests.swift; path = UserSessionManager/UserSessionManagerCreateSessionTests.swift; sourceTree = "<group>"; };
		176924512BB1C0DC00E98210 /* UserSessionManagerLogoutSessionTests.swift */ = {isa = PBXFileReference; fileEncoding = 4; lastKnownFileType = sourcecode.swift; name = UserSessionManagerLogoutSessionTests.swift; path = UserSessionManager/UserSessionManagerLogoutSessionTests.swift; sourceTree = "<group>"; };
		176924552BB2F8BF00E98210 /* Entity.swift */ = {isa = PBXFileReference; lastKnownFileType = sourcecode.swift; path = Entity.swift; sourceTree = "<group>"; };
		1769245D2BB479A600E98210 /* UserSessionManagerTestsDependency.swift */ = {isa = PBXFileReference; lastKnownFileType = sourcecode.swift; path = UserSessionManagerTestsDependency.swift; sourceTree = "<group>"; };
		177F49FA2B9752A3001EC2CE /* UserSessionDataStorageTests.swift */ = {isa = PBXFileReference; fileEncoding = 4; lastKnownFileType = sourcecode.swift; path = UserSessionDataStorageTests.swift; sourceTree = "<group>"; };
		177F49FB2B9752A3001EC2CE /* KeychainTests.swift */ = {isa = PBXFileReference; fileEncoding = 4; lastKnownFileType = sourcecode.swift; path = KeychainTests.swift; sourceTree = "<group>"; };
		177F49FD2B9752A3001EC2CE /* UserSessionManagerDelegateMock.swift */ = {isa = PBXFileReference; fileEncoding = 4; lastKnownFileType = sourcecode.swift; path = UserSessionManagerDelegateMock.swift; sourceTree = "<group>"; };
		177F49FE2B9752A3001EC2CE /* LogoutServiceMock.swift */ = {isa = PBXFileReference; fileEncoding = 4; lastKnownFileType = sourcecode.swift; path = LogoutServiceMock.swift; sourceTree = "<group>"; };
		177F49FF2B9752A3001EC2CE /* LoggerMock.swift */ = {isa = PBXFileReference; fileEncoding = 4; lastKnownFileType = sourcecode.swift; path = LoggerMock.swift; sourceTree = "<group>"; };
		177F4A012B9752A3001EC2CE /* Error+Equatable.swift */ = {isa = PBXFileReference; fileEncoding = 4; lastKnownFileType = sourcecode.swift; path = "Error+Equatable.swift"; sourceTree = "<group>"; };
		177F4A022B9752A3001EC2CE /* UserSessionData+Random.swift */ = {isa = PBXFileReference; fileEncoding = 4; lastKnownFileType = sourcecode.swift; path = "UserSessionData+Random.swift"; sourceTree = "<group>"; };
		177F4A032B9752A3001EC2CE /* Int+Random.swift */ = {isa = PBXFileReference; fileEncoding = 4; lastKnownFileType = sourcecode.swift; path = "Int+Random.swift"; sourceTree = "<group>"; };
		179F905C2B1E46FD00E2D2AA /* OneTapWithOAuthCustomizationController.swift */ = {isa = PBXFileReference; lastKnownFileType = sourcecode.swift; path = OneTapWithOAuthCustomizationController.swift; sourceTree = "<group>"; };
		17CA41882AF1BB93008C81C1 /* VKIDDemoViewController.swift */ = {isa = PBXFileReference; lastKnownFileType = sourcecode.swift; path = VKIDDemoViewController.swift; sourceTree = "<group>"; };
		17CA418B2AF1D755008C81C1 /* MeasureView.swift */ = {isa = PBXFileReference; fileEncoding = 4; lastKnownFileType = sourcecode.swift; path = MeasureView.swift; sourceTree = "<group>"; };
		A200588C2A7A2F580053864D /* VKIDDemo.entitlements */ = {isa = PBXFileReference; lastKnownFileType = text.plist.entitlements; path = VKIDDemo.entitlements; sourceTree = "<group>"; };
		A201B1662AAB324C00E8FA58 /* VKIDDemo.xcconfig */ = {isa = PBXFileReference; fileEncoding = 4; lastKnownFileType = text.xcconfig; path = VKIDDemo.xcconfig; sourceTree = "<group>"; };
		A201B1722AAB346900E8FA58 /* VKIDAppCredentials.xcconfig */ = {isa = PBXFileReference; lastKnownFileType = text.xcconfig; path = VKIDAppCredentials.xcconfig; sourceTree = "<group>"; };
		A201B19D2AAB375900E8FA58 /* InfoPlist.swift */ = {isa = PBXFileReference; lastKnownFileType = sourcecode.swift; path = InfoPlist.swift; sourceTree = "<group>"; };
		A23148DB2ACC5B6C0077B442 /* VKIDKeychainTests.xctest */ = {isa = PBXFileReference; explicitFileType = wrapper.cfbundle; includeInIndex = 0; path = VKIDKeychainTests.xctest; sourceTree = BUILT_PRODUCTS_DIR; };
		A23148E42ACC5B7F0077B442 /* VKIDCore.framework */ = {isa = PBXFileReference; explicitFileType = wrapper.framework; path = VKIDCore.framework; sourceTree = BUILT_PRODUCTS_DIR; };
		A241BDFC2A55DD980062825F /* iOS-VKID-SDK */ = {isa = PBXFileReference; lastKnownFileType = wrapper; name = "iOS-VKID-SDK"; path = ..; sourceTree = "<group>"; };
		A24B645C2A9E2C4400E45F3B /* DebugSettingsViewController.swift */ = {isa = PBXFileReference; lastKnownFileType = sourcecode.swift; path = DebugSettingsViewController.swift; sourceTree = "<group>"; };
		A24B645E2A9E2DD500E45F3B /* DebugSettings.swift */ = {isa = PBXFileReference; lastKnownFileType = sourcecode.swift; path = DebugSettings.swift; sourceTree = "<group>"; };
		A24B64602A9E407B00E45F3B /* AuthViewController+DebugSettings.swift */ = {isa = PBXFileReference; lastKnownFileType = sourcecode.swift; path = "AuthViewController+DebugSettings.swift"; sourceTree = "<group>"; };
		A24B64C32AA1FD6B00E45F3B /* UIColot+Palette.swift */ = {isa = PBXFileReference; lastKnownFileType = sourcecode.swift; path = "UIColot+Palette.swift"; sourceTree = "<group>"; };
		A251E4652B87301000B6E711 /* SSLPinning.xctestplan */ = {isa = PBXFileReference; lastKnownFileType = text; path = SSLPinning.xctestplan; sourceTree = "<group>"; };
		A257BEFE2B162C390060F9A2 /* AlertPresentable.swift */ = {isa = PBXFileReference; lastKnownFileType = sourcecode.swift; path = AlertPresentable.swift; sourceTree = "<group>"; };
		A25C94182B8DC54600D0C412 /* VKIDSSLPinningTests.xctest */ = {isa = PBXFileReference; explicitFileType = wrapper.cfbundle; includeInIndex = 0; path = VKIDSSLPinningTests.xctest; sourceTree = BUILT_PRODUCTS_DIR; };
		A25C941A2B8DC54600D0C412 /* VKIDSSLPinningTests.swift */ = {isa = PBXFileReference; lastKnownFileType = sourcecode.swift; path = VKIDSSLPinningTests.swift; sourceTree = "<group>"; };
		A26A35FB2B0D005A008A4F99 /* ControlsViewController.swift */ = {isa = PBXFileReference; lastKnownFileType = sourcecode.swift; path = ControlsViewController.swift; sourceTree = "<group>"; };
		A26A35FD2B0D0CED008A4F99 /* OneTapButtonCustomizationController.swift */ = {isa = PBXFileReference; fileEncoding = 4; lastKnownFileType = sourcecode.swift; path = OneTapButtonCustomizationController.swift; sourceTree = "<group>"; };
		A26A35FF2B0D151E008A4F99 /* OneTapBottomSheetCustomizationController.swift */ = {isa = PBXFileReference; lastKnownFileType = sourcecode.swift; path = OneTapBottomSheetCustomizationController.swift; sourceTree = "<group>"; };
		A271F7192B0FD4670015B61C /* OAuthListWidgetCustomizationController.swift */ = {isa = PBXFileReference; lastKnownFileType = sourcecode.swift; path = OAuthListWidgetCustomizationController.swift; sourceTree = "<group>"; };
		A27EFD322B185245001CF285 /* DebugSettingsStorage.swift */ = {isa = PBXFileReference; lastKnownFileType = sourcecode.swift; path = DebugSettingsStorage.swift; sourceTree = "<group>"; };
		A2E370692ACDBE1900715703 /* MRPipeline.xctestplan */ = {isa = PBXFileReference; lastKnownFileType = text; path = MRPipeline.xctestplan; sourceTree = "<group>"; };
		A2E5F5EA2A55A65D0079DE1F /* VKIDDemo.app */ = {isa = PBXFileReference; explicitFileType = wrapper.application; includeInIndex = 0; path = VKIDDemo.app; sourceTree = BUILT_PRODUCTS_DIR; };
		A2E5F5ED2A55A65D0079DE1F /* AppDelegate.swift */ = {isa = PBXFileReference; lastKnownFileType = sourcecode.swift; path = AppDelegate.swift; sourceTree = "<group>"; };
		A2E5F5F12A55A65D0079DE1F /* AuthViewController.swift */ = {isa = PBXFileReference; lastKnownFileType = sourcecode.swift; path = AuthViewController.swift; sourceTree = "<group>"; };
		A2E5F5F62A55A65E0079DE1F /* Assets.xcassets */ = {isa = PBXFileReference; lastKnownFileType = folder.assetcatalog; path = Assets.xcassets; sourceTree = "<group>"; };
		A2E5F5F92A55A65E0079DE1F /* Base */ = {isa = PBXFileReference; lastKnownFileType = file.storyboard; name = Base; path = Base.lproj/LaunchScreen.storyboard; sourceTree = "<group>"; };
		A2E5F5FB2A55A65E0079DE1F /* Info.plist */ = {isa = PBXFileReference; lastKnownFileType = text.plist.xml; path = Info.plist; sourceTree = "<group>"; };
/* End PBXFileReference section */

/* Begin PBXFrameworksBuildPhase section */
		A23148D82ACC5B6C0077B442 /* Frameworks */ = {
			isa = PBXFrameworksBuildPhase;
			buildActionMask = 2147483647;
			files = (
				A254E63A2ACC61920035D4F7 /* VKIDCore in Frameworks */,
				1769245A2BB432B100E98210 /* VKIDAllureReport in Frameworks */,
			);
			runOnlyForDeploymentPostprocessing = 0;
		};
		A25C94152B8DC54600D0C412 /* Frameworks */ = {
			isa = PBXFrameworksBuildPhase;
			buildActionMask = 2147483647;
			files = (
				A25C94202B8DC58800D0C412 /* VKID in Frameworks */,
				A25C94222B8DC58800D0C412 /* VKIDCore in Frameworks */,
			);
			runOnlyForDeploymentPostprocessing = 0;
		};
		A2E5F5E72A55A65D0079DE1F /* Frameworks */ = {
			isa = PBXFrameworksBuildPhase;
			buildActionMask = 2147483647;
			files = (
				A241BDFE2A55DDB10062825F /* VKID in Frameworks */,
				A241BE002A55DDB10062825F /* VKIDCore in Frameworks */,
			);
			runOnlyForDeploymentPostprocessing = 0;
		};
/* End PBXFrameworksBuildPhase section */

/* Begin PBXGroup section */
		051962D82BA38566003E8019 /* Extensions */ = {
			isa = PBXGroup;
			children = (
				051962D92BA3858B003E8019 /* ResponseUser+User.swift */,
			);
			path = Extensions;
			sourceTree = "<group>";
		};
		05F287B32BA09B0500603372 /* RefreshToken */ = {
			isa = PBXGroup;
			children = (
				05F287B12BA0998300603372 /* RefreshTokenTests.swift */,
			);
			path = RefreshToken;
			sourceTree = "<group>";
		};
		05F287B42BA09B1300603372 /* Mocks */ = {
			isa = PBXGroup;
			children = (
				05CACE362BC91B7C008A76A6 /* LegacyLogoutServiceMock.swift */,
				051962D22BA0CF8B003E8019 /* TransportMock.swift */,
				05F287B52BA09B9600603372 /* LoggerMock.swift */,
				051962CC2BA0CB31003E8019 /* LogoutServiceMock.swift */,
				051962D62BA3800C003E8019 /* RefreshTokenServiceMock.swift */,
				051962DB2BA39149003E8019 /* UserInfoServiceMock.swift */,
			);
			path = Mocks;
			sourceTree = "<group>";
		};
		175364E12B7D1BDB008AB285 /* Network */ = {
			isa = PBXGroup;
			children = (
				175364DF2B7D1BD4008AB285 /* ImageLoader.swift */,
			);
			path = Network;
			sourceTree = "<group>";
		};
		177F49F72B9752A3001EC2CE /* Integration */ = {
			isa = PBXGroup;
			children = (
				1769245D2BB479A600E98210 /* UserSessionManagerTestsDependency.swift */,
				176924502BB1C0DC00E98210 /* UserSessionManagerCreateSessionTests.swift */,
				176924512BB1C0DC00E98210 /* UserSessionManagerLogoutSessionTests.swift */,
				1769244F2BB1C0DC00E98210 /* UserSessionManagerUpdateSessionTests.swift */,
			);
			path = Integration;
			sourceTree = "<group>";
		};
		177F49F92B9752A3001EC2CE /* Unit */ = {
			isa = PBXGroup;
			children = (
				177F49FA2B9752A3001EC2CE /* UserSessionDataStorageTests.swift */,
				177F49FB2B9752A3001EC2CE /* KeychainTests.swift */,
			);
			path = Unit;
			sourceTree = "<group>";
		};
		177F49FC2B9752A3001EC2CE /* Mocks */ = {
			isa = PBXGroup;
			children = (
				177F49FD2B9752A3001EC2CE /* UserSessionManagerDelegateMock.swift */,
				177F49FE2B9752A3001EC2CE /* LogoutServiceMock.swift */,
				177F49FF2B9752A3001EC2CE /* LoggerMock.swift */,
			);
			path = Mocks;
			sourceTree = "<group>";
		};
		177F4A002B9752A3001EC2CE /* Extensions */ = {
			isa = PBXGroup;
			children = (
				177F4A012B9752A3001EC2CE /* Error+Equatable.swift */,
				177F4A022B9752A3001EC2CE /* UserSessionData+Random.swift */,
				177F4A032B9752A3001EC2CE /* Int+Random.swift */,
				0519638C2BA5B294003E8019 /* RefreshTokensResponse+Success.swift */,
			);
			path = Extensions;
			sourceTree = "<group>";
		};
		17CA418A2AF1D1F9008C81C1 /* UI */ = {
			isa = PBXGroup;
			children = (
				A257BEFE2B162C390060F9A2 /* AlertPresentable.swift */,
				17CA418B2AF1D755008C81C1 /* MeasureView.swift */,
				1752AE302AF135890013D976 /* StepSlider.swift */,
				057500D02B0E0635008EEB4B /* PickerView.swift */,
				175365592B7F3D67008AB285 /* UserSessionTableViewCell.swift */,
			);
			path = UI;
			sourceTree = "<group>";
		};
		A201B19C2AAB374800E8FA58 /* Misc */ = {
			isa = PBXGroup;
			children = (
				A201B19D2AAB375900E8FA58 /* InfoPlist.swift */,
				05A6A5602BC83B8E00B01882 /* UserSessionData.swift */,
			);
			path = Misc;
			sourceTree = "<group>";
		};
		A241BDF72A55DA400062825F /* Frameworks */ = {
			isa = PBXGroup;
			children = (
				A23148E42ACC5B7F0077B442 /* VKIDCore.framework */,
			);
			name = Frameworks;
			sourceTree = "<group>";
		};
		A24B64592A9E255B00E45F3B /* Resources */ = {
			isa = PBXGroup;
			children = (
				A2E5F5F62A55A65E0079DE1F /* Assets.xcassets */,
				A2E5F5F82A55A65E0079DE1F /* LaunchScreen.storyboard */,
				A2E5F5FB2A55A65E0079DE1F /* Info.plist */,
				A200588C2A7A2F580053864D /* VKIDDemo.entitlements */,
				051FD2942AF3C7B90082990B /* Localizable.strings */,
			);
			path = Resources;
			sourceTree = "<group>";
		};
		A24B645A2A9E25BB00E45F3B /* Sources */ = {
			isa = PBXGroup;
			children = (
				175364E12B7D1BDB008AB285 /* Network */,
				17CA418A2AF1D1F9008C81C1 /* UI */,
				A201B19C2AAB374800E8FA58 /* Misc */,
				A24B64C22AA1FD4600E45F3B /* Extensions */,
				A24B645B2A9E2C2400E45F3B /* DebugSettings */,
				A2E5F5ED2A55A65D0079DE1F /* AppDelegate.swift */,
				A2E5F5F12A55A65D0079DE1F /* AuthViewController.swift */,
				A24B64602A9E407B00E45F3B /* AuthViewController+DebugSettings.swift */,
				175365572B7E6E7B008AB285 /* UserSessionsViewController.swift */,
				A26A35FB2B0D005A008A4F99 /* ControlsViewController.swift */,
				17CA41882AF1BB93008C81C1 /* VKIDDemoViewController.swift */,
				A26A35FD2B0D0CED008A4F99 /* OneTapButtonCustomizationController.swift */,
				A26A35FF2B0D151E008A4F99 /* OneTapBottomSheetCustomizationController.swift */,
				A271F7192B0FD4670015B61C /* OAuthListWidgetCustomizationController.swift */,
				179F905C2B1E46FD00E2D2AA /* OneTapWithOAuthCustomizationController.swift */,
				05AF56C92BC45FF700A267EF /* OAuth.swift */,
			);
			path = Sources;
			sourceTree = "<group>";
		};
		A24B645B2A9E2C2400E45F3B /* DebugSettings */ = {
			isa = PBXGroup;
			children = (
				A24B645C2A9E2C4400E45F3B /* DebugSettingsViewController.swift */,
				A24B645E2A9E2DD500E45F3B /* DebugSettings.swift */,
				A27EFD322B185245001CF285 /* DebugSettingsStorage.swift */,
				0591B0242BA9E8C200B18F98 /* DebugSettingsTextFieldCell.swift */,
			);
			path = DebugSettings;
			sourceTree = "<group>";
		};
		A24B64C22AA1FD4600E45F3B /* Extensions */ = {
			isa = PBXGroup;
			children = (
				0CCD7A782B5005BC00846B7C /* Collection+Safe.swift */,
				A24B64C32AA1FD6B00E45F3B /* UIColot+Palette.swift */,
				175364E22B7D2366008AB285 /* UIImageView+LoadImage.swift */,
				05BF33A92BDBF61A0060D3B9 /* AuthFlowData+ExchangeAuthCode.swift */,
				052754302BE39B7F00291A0D /* String+Scope.swift */,
			);
			path = Extensions;
			sourceTree = "<group>";
		};
		A256B5F62AAB2B46006459EB /* Configurations */ = {
			isa = PBXGroup;
			children = (
				A201B1662AAB324C00E8FA58 /* VKIDDemo.xcconfig */,
				A201B1722AAB346900E8FA58 /* VKIDAppCredentials.xcconfig */,
			);
			path = Configurations;
			sourceTree = "<group>";
		};
		A25C94192B8DC54600D0C412 /* VKIDSSLPinningTests */ = {
			isa = PBXGroup;
			children = (
				A25C941A2B8DC54600D0C412 /* VKIDSSLPinningTests.swift */,
			);
			path = VKIDSSLPinningTests;
			sourceTree = "<group>";
		};
		A2628D032ACE8E7500E61A0E /* VKIDKeychainTests */ = {
			isa = PBXGroup;
			children = (
				051962D82BA38566003E8019 /* Extensions */,
				05F287B42BA09B1300603372 /* Mocks */,
				05F287B32BA09B0500603372 /* RefreshToken */,
				055AD2002B874DF400E48766 /* DeviceIDTests.swift */,
				051962CE2BA0CBFC003E8019 /* Entity.swift */,
				051962D42BA37D73003E8019 /* UserFetchingTests.swift */,
				177F4A002B9752A3001EC2CE /* Extensions */,
				177F49F72B9752A3001EC2CE /* Integration */,
				177F49FC2B9752A3001EC2CE /* Mocks */,
				177F49F92B9752A3001EC2CE /* Unit */,
				176924552BB2F8BF00E98210 /* Entity.swift */,
			);
			path = VKIDKeychainTests;
			sourceTree = "<group>";
		};
		A2E370662ACDBDA100715703 /* TestPlans */ = {
			isa = PBXGroup;
			children = (
				A2E370692ACDBE1900715703 /* MRPipeline.xctestplan */,
				A251E4652B87301000B6E711 /* SSLPinning.xctestplan */,
			);
			path = TestPlans;
			sourceTree = SOURCE_ROOT;
		};
		A2E5F5E12A55A65D0079DE1F = {
			isa = PBXGroup;
			children = (
				A241BDFC2A55DD980062825F /* iOS-VKID-SDK */,
				A2E5F5EC2A55A65D0079DE1F /* VKIDDemo */,
				A2628D032ACE8E7500E61A0E /* VKIDKeychainTests */,
				A25C94192B8DC54600D0C412 /* VKIDSSLPinningTests */,
				A2E5F5EB2A55A65D0079DE1F /* Products */,
				A241BDF72A55DA400062825F /* Frameworks */,
			);
			sourceTree = "<group>";
		};
		A2E5F5EB2A55A65D0079DE1F /* Products */ = {
			isa = PBXGroup;
			children = (
				A2E5F5EA2A55A65D0079DE1F /* VKIDDemo.app */,
				A23148DB2ACC5B6C0077B442 /* VKIDKeychainTests.xctest */,
				A25C94182B8DC54600D0C412 /* VKIDSSLPinningTests.xctest */,
			);
			name = Products;
			sourceTree = "<group>";
		};
		A2E5F5EC2A55A65D0079DE1F /* VKIDDemo */ = {
			isa = PBXGroup;
			children = (
				A2E370662ACDBDA100715703 /* TestPlans */,
				A24B645A2A9E25BB00E45F3B /* Sources */,
				A24B64592A9E255B00E45F3B /* Resources */,
				A256B5F62AAB2B46006459EB /* Configurations */,
			);
			path = VKIDDemo;
			sourceTree = "<group>";
		};
/* End PBXGroup section */

/* Begin PBXNativeTarget section */
		A23148DA2ACC5B6C0077B442 /* VKIDKeychainTests */ = {
			isa = PBXNativeTarget;
			buildConfigurationList = A23148E12ACC5B6C0077B442 /* Build configuration list for PBXNativeTarget "VKIDKeychainTests" */;
			buildPhases = (
				A23148D72ACC5B6C0077B442 /* Sources */,
				A23148D82ACC5B6C0077B442 /* Frameworks */,
				A23148D92ACC5B6C0077B442 /* Resources */,
			);
			buildRules = (
			);
			dependencies = (
				1769245C2BB440B500E98210 /* PBXTargetDependency */,
				A23148E02ACC5B6C0077B442 /* PBXTargetDependency */,
			);
			name = VKIDKeychainTests;
			packageProductDependencies = (
				A254E6392ACC61920035D4F7 /* VKIDCore */,
				176924592BB432B100E98210 /* VKIDAllureReport */,
			);
			productName = VKIDKeychainTests;
			productReference = A23148DB2ACC5B6C0077B442 /* VKIDKeychainTests.xctest */;
			productType = "com.apple.product-type.bundle.unit-test";
		};
		A25C94172B8DC54600D0C412 /* VKIDSSLPinningTests */ = {
			isa = PBXNativeTarget;
			buildConfigurationList = A25C941E2B8DC54600D0C412 /* Build configuration list for PBXNativeTarget "VKIDSSLPinningTests" */;
			buildPhases = (
				A25C94142B8DC54600D0C412 /* Sources */,
				A25C94152B8DC54600D0C412 /* Frameworks */,
				A25C94162B8DC54600D0C412 /* Resources */,
			);
			buildRules = (
			);
			dependencies = (
			);
			name = VKIDSSLPinningTests;
			packageProductDependencies = (
				A25C941F2B8DC58800D0C412 /* VKID */,
				A25C94212B8DC58800D0C412 /* VKIDCore */,
			);
			productName = VKIDSSLPinningTests;
			productReference = A25C94182B8DC54600D0C412 /* VKIDSSLPinningTests.xctest */;
			productType = "com.apple.product-type.bundle.unit-test";
		};
		A2E5F5E92A55A65D0079DE1F /* VKIDDemo */ = {
			isa = PBXNativeTarget;
			buildConfigurationList = A2E5F5FE2A55A65E0079DE1F /* Build configuration list for PBXNativeTarget "VKIDDemo" */;
			buildPhases = (
				A2E5F5E62A55A65D0079DE1F /* Sources */,
				A2E5F5E72A55A65D0079DE1F /* Frameworks */,
				A2E5F5E82A55A65D0079DE1F /* Resources */,
			);
			buildRules = (
			);
			dependencies = (
			);
			name = VKIDDemo;
			packageProductDependencies = (
				A241BDFD2A55DDB10062825F /* VKID */,
				A241BDFF2A55DDB10062825F /* VKIDCore */,
			);
			productName = VKIDDemo;
			productReference = A2E5F5EA2A55A65D0079DE1F /* VKIDDemo.app */;
			productType = "com.apple.product-type.application";
		};
/* End PBXNativeTarget section */

/* Begin PBXProject section */
		A2E5F5E22A55A65D0079DE1F /* Project object */ = {
			isa = PBXProject;
			attributes = {
				BuildIndependentTargetsInParallel = 1;
				LastSwiftUpdateCheck = 1520;
				LastUpgradeCheck = 1500;
				TargetAttributes = {
					A23148DA2ACC5B6C0077B442 = {
						CreatedOnToolsVersion = 15.0;
						TestTargetID = A2E5F5E92A55A65D0079DE1F;
					};
					A25C94172B8DC54600D0C412 = {
						CreatedOnToolsVersion = 15.2;
					};
					A2E5F5E92A55A65D0079DE1F = {
						CreatedOnToolsVersion = 14.3;
					};
				};
			};
			buildConfigurationList = A2E5F5E52A55A65D0079DE1F /* Build configuration list for PBXProject "VKIDDemo" */;
			compatibilityVersion = "Xcode 14.0";
			developmentRegion = en;
			hasScannedForEncodings = 0;
			knownRegions = (
				en,
				Base,
				ru,
				de,
				es,
				uk,
				pl,
				fr,
				tr,
			);
			mainGroup = A2E5F5E12A55A65D0079DE1F;
			productRefGroup = A2E5F5EB2A55A65D0079DE1F /* Products */;
			projectDirPath = "";
			projectRoot = "";
			targets = (
				A2E5F5E92A55A65D0079DE1F /* VKIDDemo */,
				A23148DA2ACC5B6C0077B442 /* VKIDKeychainTests */,
				A25C94172B8DC54600D0C412 /* VKIDSSLPinningTests */,
			);
		};
/* End PBXProject section */

/* Begin PBXResourcesBuildPhase section */
		A23148D92ACC5B6C0077B442 /* Resources */ = {
			isa = PBXResourcesBuildPhase;
			buildActionMask = 2147483647;
			files = (
			);
			runOnlyForDeploymentPostprocessing = 0;
		};
		A25C94162B8DC54600D0C412 /* Resources */ = {
			isa = PBXResourcesBuildPhase;
			buildActionMask = 2147483647;
			files = (
			);
			runOnlyForDeploymentPostprocessing = 0;
		};
		A2E5F5E82A55A65D0079DE1F /* Resources */ = {
			isa = PBXResourcesBuildPhase;
			buildActionMask = 2147483647;
			files = (
				A2E5F5FA2A55A65E0079DE1F /* LaunchScreen.storyboard in Resources */,
				051FD2922AF3C7B90082990B /* Localizable.strings in Resources */,
				A2E5F5F72A55A65E0079DE1F /* Assets.xcassets in Resources */,
			);
			runOnlyForDeploymentPostprocessing = 0;
		};
/* End PBXResourcesBuildPhase section */

/* Begin PBXSourcesBuildPhase section */
		A23148D72ACC5B6C0077B442 /* Sources */ = {
			isa = PBXSourcesBuildPhase;
			buildActionMask = 2147483647;
			files = (
				051962D32BA0CF8B003E8019 /* TransportMock.swift in Sources */,
				05F287B22BA0998300603372 /* RefreshTokenTests.swift in Sources */,
				05F287B62BA09B9600603372 /* LoggerMock.swift in Sources */,
				055AD2012B874DF400E48766 /* DeviceIDTests.swift in Sources */,
				051962CF2BA0CBFC003E8019 /* Entity.swift in Sources */,
				051962D72BA3800C003E8019 /* RefreshTokenServiceMock.swift in Sources */,
				05CACE372BC91B81008A76A6 /* LegacyLogoutServiceMock.swift in Sources */,
				051962D32BA0CF8B003E8019 /* TransportMock.swift in Sources */,
				05F287B22BA0998300603372 /* RefreshTokenTests.swift in Sources */,
				051962DC2BA39149003E8019 /* UserInfoServiceMock.swift in Sources */,
				05F287B62BA09B9600603372 /* LoggerMock.swift in Sources */,
				055AD2012B874DF400E48766 /* DeviceIDTests.swift in Sources */,
				051962DA2BA3858B003E8019 /* ResponseUser+User.swift in Sources */,
				051962CF2BA0CBFC003E8019 /* Entity.swift in Sources */,
				051962D52BA37D73003E8019 /* UserFetchingTests.swift in Sources */,
				051962CD2BA0CB31003E8019 /* LogoutServiceMock.swift in Sources */,
				177F4A0C2B9752A3001EC2CE /* Int+Random.swift in Sources */,
				0519638D2BA5B294003E8019 /* RefreshTokensResponse+Success.swift in Sources */,
				176924542BB1C0DC00E98210 /* UserSessionManagerLogoutSessionTests.swift in Sources */,
				176924532BB1C0DC00E98210 /* UserSessionManagerCreateSessionTests.swift in Sources */,
				177F4A052B9752A3001EC2CE /* UserSessionDataStorageTests.swift in Sources */,
				177F4A072B9752A3001EC2CE /* UserSessionManagerDelegateMock.swift in Sources */,
				177F4A0A2B9752A3001EC2CE /* Error+Equatable.swift in Sources */,
				1769245E2BB479A600E98210 /* UserSessionManagerTestsDependency.swift in Sources */,
				177F4A082B9752A3001EC2CE /* LogoutServiceMock.swift in Sources */,
				177F4A092B9752A3001EC2CE /* LoggerMock.swift in Sources */,
				176924562BB2F8BF00E98210 /* Entity.swift in Sources */,
				177F4A0B2B9752A3001EC2CE /* UserSessionData+Random.swift in Sources */,
				176924522BB1C0DC00E98210 /* UserSessionManagerUpdateSessionTests.swift in Sources */,
				177F4A062B9752A3001EC2CE /* KeychainTests.swift in Sources */,
			);
			runOnlyForDeploymentPostprocessing = 0;
		};
		A25C94142B8DC54600D0C412 /* Sources */ = {
			isa = PBXSourcesBuildPhase;
			buildActionMask = 2147483647;
			files = (
				A25C941B2B8DC54600D0C412 /* VKIDSSLPinningTests.swift in Sources */,
			);
			runOnlyForDeploymentPostprocessing = 0;
		};
		A2E5F5E62A55A65D0079DE1F /* Sources */ = {
			isa = PBXSourcesBuildPhase;
			buildActionMask = 2147483647;
			files = (
				A2E5F5F22A55A65D0079DE1F /* AuthViewController.swift in Sources */,
				052754312BE39B7F00291A0D /* String+Scope.swift in Sources */,
				A271F71A2B0FD4670015B61C /* OAuthListWidgetCustomizationController.swift in Sources */,
				A24B64612A9E407B00E45F3B /* AuthViewController+DebugSettings.swift in Sources */,
				A27EFD332B185245001CF285 /* DebugSettingsStorage.swift in Sources */,
				A26A35FC2B0D005A008A4F99 /* ControlsViewController.swift in Sources */,
				1752AE322AF135890013D976 /* StepSlider.swift in Sources */,
				A24B645D2A9E2C4400E45F3B /* DebugSettingsViewController.swift in Sources */,
				17CA418C2AF1D755008C81C1 /* MeasureView.swift in Sources */,
				175365582B7E6E7B008AB285 /* UserSessionsViewController.swift in Sources */,
				A24B645F2A9E2DD500E45F3B /* DebugSettings.swift in Sources */,
				A257BEFF2B162C390060F9A2 /* AlertPresentable.swift in Sources */,
				A2E5F5EE2A55A65D0079DE1F /* AppDelegate.swift in Sources */,
				0CCD7A792B5005BC00846B7C /* Collection+Safe.swift in Sources */,
				05BF33AA2BDBF61A0060D3B9 /* AuthFlowData+ExchangeAuthCode.swift in Sources */,
				0591B0252BA9E8C200B18F98 /* DebugSettingsTextFieldCell.swift in Sources */,
				A26A35FE2B0D0CED008A4F99 /* OneTapButtonCustomizationController.swift in Sources */,
				17CA41892AF1BB93008C81C1 /* VKIDDemoViewController.swift in Sources */,
				1753655A2B7F3D67008AB285 /* UserSessionTableViewCell.swift in Sources */,
				A26A36002B0D151E008A4F99 /* OneTapBottomSheetCustomizationController.swift in Sources */,
				175364E02B7D1BD4008AB285 /* ImageLoader.swift in Sources */,
				05AF56CA2BC45FF700A267EF /* OAuth.swift in Sources */,
				179F905D2B1E46FD00E2D2AA /* OneTapWithOAuthCustomizationController.swift in Sources */,
				A24B64C42AA1FD6B00E45F3B /* UIColot+Palette.swift in Sources */,
				175364E32B7D2366008AB285 /* UIImageView+LoadImage.swift in Sources */,
				057500D12B0E0635008EEB4B /* PickerView.swift in Sources */,
				A201B19E2AAB375900E8FA58 /* InfoPlist.swift in Sources */,
				05A6A5612BC83B8E00B01882 /* UserSessionData.swift in Sources */,
			);
			runOnlyForDeploymentPostprocessing = 0;
		};
/* End PBXSourcesBuildPhase section */

/* Begin PBXTargetDependency section */
		1769245C2BB440B500E98210 /* PBXTargetDependency */ = {
			isa = PBXTargetDependency;
			productRef = 1769245B2BB440B500E98210 /* VKIDAllureReport */;
		};
		A23148E02ACC5B6C0077B442 /* PBXTargetDependency */ = {
			isa = PBXTargetDependency;
			target = A2E5F5E92A55A65D0079DE1F /* VKIDDemo */;
			targetProxy = A23148DF2ACC5B6C0077B442 /* PBXContainerItemProxy */;
		};
/* End PBXTargetDependency section */

/* Begin PBXVariantGroup section */
		051FD2942AF3C7B90082990B /* Localizable.strings */ = {
			isa = PBXVariantGroup;
			children = (
				051FD2932AF3C7B90082990B /* en */,
				051FD2952AF3C7E20082990B /* ru */,
				051FD2962AF3CCB00082990B /* de */,
				051FD2972AF3CCC50082990B /* es */,
				051FD2982AF3CCFB0082990B /* uk */,
				051FD2992AF3CD120082990B /* pl */,
				051FD29A2AF3CD210082990B /* fr */,
				051FD29B2AF3CD2E0082990B /* tr */,
			);
			name = Localizable.strings;
			sourceTree = "<group>";
		};
		A2E5F5F82A55A65E0079DE1F /* LaunchScreen.storyboard */ = {
			isa = PBXVariantGroup;
			children = (
				A2E5F5F92A55A65E0079DE1F /* Base */,
			);
			name = LaunchScreen.storyboard;
			sourceTree = "<group>";
		};
/* End PBXVariantGroup section */

/* Begin XCBuildConfiguration section */
		A23148E22ACC5B6C0077B442 /* Debug */ = {
			isa = XCBuildConfiguration;
			buildSettings = {
				ASSETCATALOG_COMPILER_GENERATE_SWIFT_ASSET_SYMBOL_EXTENSIONS = YES;
				BUNDLE_LOADER = "$(TEST_HOST)";
				CODE_SIGN_STYLE = Automatic;
				CURRENT_PROJECT_VERSION = 1;
				DEVELOPMENT_TEAM = W8P5V4C6JE;
				ENABLE_USER_SCRIPT_SANDBOXING = YES;
				GCC_C_LANGUAGE_STANDARD = gnu17;
				GENERATE_INFOPLIST_FILE = YES;
				IPHONEOS_DEPLOYMENT_TARGET = 12.0;
				LOCALIZATION_PREFERS_STRING_CATALOGS = YES;
				MARKETING_VERSION = 1.0;
				PRODUCT_BUNDLE_IDENTIFIER = com.vk.vkid.VKIDKeychainTests;
				PRODUCT_NAME = "$(TARGET_NAME)";
				SWIFT_ACTIVE_COMPILATION_CONDITIONS = "DEBUG $(inherited)";
				SWIFT_EMIT_LOC_STRINGS = NO;
				SWIFT_VERSION = 5.0;
				TARGETED_DEVICE_FAMILY = "1,2";
				TEST_HOST = "$(BUILT_PRODUCTS_DIR)/VKIDDemo.app/$(BUNDLE_EXECUTABLE_FOLDER_PATH)/VKIDDemo";
			};
			name = Debug;
		};
		A23148E32ACC5B6C0077B442 /* Release */ = {
			isa = XCBuildConfiguration;
			buildSettings = {
				ASSETCATALOG_COMPILER_GENERATE_SWIFT_ASSET_SYMBOL_EXTENSIONS = YES;
				BUNDLE_LOADER = "$(TEST_HOST)";
				CODE_SIGN_STYLE = Automatic;
				CURRENT_PROJECT_VERSION = 1;
				DEVELOPMENT_TEAM = W8P5V4C6JE;
				ENABLE_USER_SCRIPT_SANDBOXING = YES;
				GCC_C_LANGUAGE_STANDARD = gnu17;
				GENERATE_INFOPLIST_FILE = YES;
				IPHONEOS_DEPLOYMENT_TARGET = 12.0;
				LOCALIZATION_PREFERS_STRING_CATALOGS = YES;
				MARKETING_VERSION = 1.0;
				PRODUCT_BUNDLE_IDENTIFIER = com.vk.vkid.VKIDKeychainTests;
				PRODUCT_NAME = "$(TARGET_NAME)";
				SWIFT_EMIT_LOC_STRINGS = NO;
				SWIFT_VERSION = 5.0;
				TARGETED_DEVICE_FAMILY = "1,2";
				TEST_HOST = "$(BUILT_PRODUCTS_DIR)/VKIDDemo.app/$(BUNDLE_EXECUTABLE_FOLDER_PATH)/VKIDDemo";
			};
			name = Release;
		};
		A25C941C2B8DC54600D0C412 /* Debug */ = {
			isa = XCBuildConfiguration;
			buildSettings = {
				ASSETCATALOG_COMPILER_GENERATE_SWIFT_ASSET_SYMBOL_EXTENSIONS = YES;
				CODE_SIGN_STYLE = Automatic;
				CURRENT_PROJECT_VERSION = 1;
				DEVELOPMENT_TEAM = W8P5V4C6JE;
				ENABLE_USER_SCRIPT_SANDBOXING = YES;
				GCC_C_LANGUAGE_STANDARD = gnu17;
				GENERATE_INFOPLIST_FILE = YES;
				IPHONEOS_DEPLOYMENT_TARGET = 17.2;
				LOCALIZATION_PREFERS_STRING_CATALOGS = YES;
				MARKETING_VERSION = 1.0;
				PRODUCT_BUNDLE_IDENTIFIER = com.vk.vkid.VKIDSSLPinningTests;
				PRODUCT_NAME = "$(TARGET_NAME)";
				SWIFT_ACTIVE_COMPILATION_CONDITIONS = "DEBUG $(inherited)";
				SWIFT_EMIT_LOC_STRINGS = NO;
				SWIFT_VERSION = 5.0;
				TARGETED_DEVICE_FAMILY = "1,2";
			};
			name = Debug;
		};
		A25C941D2B8DC54600D0C412 /* Release */ = {
			isa = XCBuildConfiguration;
			buildSettings = {
				ASSETCATALOG_COMPILER_GENERATE_SWIFT_ASSET_SYMBOL_EXTENSIONS = YES;
				CODE_SIGN_STYLE = Automatic;
				CURRENT_PROJECT_VERSION = 1;
				DEVELOPMENT_TEAM = W8P5V4C6JE;
				ENABLE_USER_SCRIPT_SANDBOXING = YES;
				GCC_C_LANGUAGE_STANDARD = gnu17;
				GENERATE_INFOPLIST_FILE = YES;
				IPHONEOS_DEPLOYMENT_TARGET = 17.2;
				LOCALIZATION_PREFERS_STRING_CATALOGS = YES;
				MARKETING_VERSION = 1.0;
				PRODUCT_BUNDLE_IDENTIFIER = com.vk.vkid.VKIDSSLPinningTests;
				PRODUCT_NAME = "$(TARGET_NAME)";
				SWIFT_EMIT_LOC_STRINGS = NO;
				SWIFT_VERSION = 5.0;
				TARGETED_DEVICE_FAMILY = "1,2";
			};
			name = Release;
		};
		A2E5F5FC2A55A65E0079DE1F /* Debug */ = {
			isa = XCBuildConfiguration;
			buildSettings = {
				ALWAYS_SEARCH_USER_PATHS = NO;
				CLANG_ANALYZER_LOCALIZABILITY_NONLOCALIZED = YES;
				CLANG_ANALYZER_NONNULL = YES;
				CLANG_ANALYZER_NUMBER_OBJECT_CONVERSION = YES_AGGRESSIVE;
				CLANG_CXX_LANGUAGE_STANDARD = "gnu++20";
				CLANG_ENABLE_MODULES = YES;
				CLANG_ENABLE_OBJC_ARC = YES;
				CLANG_ENABLE_OBJC_WEAK = YES;
				CLANG_WARN_BLOCK_CAPTURE_AUTORELEASING = YES;
				CLANG_WARN_BOOL_CONVERSION = YES;
				CLANG_WARN_COMMA = YES;
				CLANG_WARN_CONSTANT_CONVERSION = YES;
				CLANG_WARN_DEPRECATED_OBJC_IMPLEMENTATIONS = YES;
				CLANG_WARN_DIRECT_OBJC_ISA_USAGE = YES_ERROR;
				CLANG_WARN_DOCUMENTATION_COMMENTS = YES;
				CLANG_WARN_EMPTY_BODY = YES;
				CLANG_WARN_ENUM_CONVERSION = YES;
				CLANG_WARN_INFINITE_RECURSION = YES;
				CLANG_WARN_INT_CONVERSION = YES;
				CLANG_WARN_NON_LITERAL_NULL_CONVERSION = YES;
				CLANG_WARN_OBJC_IMPLICIT_RETAIN_SELF = YES;
				CLANG_WARN_OBJC_LITERAL_CONVERSION = YES;
				CLANG_WARN_OBJC_ROOT_CLASS = YES_ERROR;
				CLANG_WARN_QUOTED_INCLUDE_IN_FRAMEWORK_HEADER = YES;
				CLANG_WARN_RANGE_LOOP_ANALYSIS = YES;
				CLANG_WARN_STRICT_PROTOTYPES = YES;
				CLANG_WARN_SUSPICIOUS_MOVE = YES;
				CLANG_WARN_UNGUARDED_AVAILABILITY = YES_AGGRESSIVE;
				CLANG_WARN_UNREACHABLE_CODE = YES;
				CLANG_WARN__DUPLICATE_METHOD_MATCH = YES;
				COPY_PHASE_STRIP = NO;
				DEBUG_INFORMATION_FORMAT = dwarf;
				ENABLE_STRICT_OBJC_MSGSEND = YES;
				ENABLE_TESTABILITY = YES;
				GCC_C_LANGUAGE_STANDARD = gnu11;
				GCC_DYNAMIC_NO_PIC = NO;
				GCC_NO_COMMON_BLOCKS = YES;
				GCC_OPTIMIZATION_LEVEL = 0;
				GCC_PREPROCESSOR_DEFINITIONS = (
					"DEBUG=1",
					"$(inherited)",
				);
				GCC_WARN_64_TO_32_BIT_CONVERSION = YES;
				GCC_WARN_ABOUT_RETURN_TYPE = YES_ERROR;
				GCC_WARN_UNDECLARED_SELECTOR = YES;
				GCC_WARN_UNINITIALIZED_AUTOS = YES_AGGRESSIVE;
				GCC_WARN_UNUSED_FUNCTION = YES;
				GCC_WARN_UNUSED_VARIABLE = YES;
				IPHONEOS_DEPLOYMENT_TARGET = 12.0;
				MTL_ENABLE_DEBUG_INFO = INCLUDE_SOURCE;
				MTL_FAST_MATH = YES;
				ONLY_ACTIVE_ARCH = YES;
				SDKROOT = iphoneos;
				SWIFT_ACTIVE_COMPILATION_CONDITIONS = DEBUG;
				SWIFT_OPTIMIZATION_LEVEL = "-Onone";
			};
			name = Debug;
		};
		A2E5F5FD2A55A65E0079DE1F /* Release */ = {
			isa = XCBuildConfiguration;
			buildSettings = {
				ALWAYS_SEARCH_USER_PATHS = NO;
				CLANG_ANALYZER_LOCALIZABILITY_NONLOCALIZED = YES;
				CLANG_ANALYZER_NONNULL = YES;
				CLANG_ANALYZER_NUMBER_OBJECT_CONVERSION = YES_AGGRESSIVE;
				CLANG_CXX_LANGUAGE_STANDARD = "gnu++20";
				CLANG_ENABLE_MODULES = YES;
				CLANG_ENABLE_OBJC_ARC = YES;
				CLANG_ENABLE_OBJC_WEAK = YES;
				CLANG_WARN_BLOCK_CAPTURE_AUTORELEASING = YES;
				CLANG_WARN_BOOL_CONVERSION = YES;
				CLANG_WARN_COMMA = YES;
				CLANG_WARN_CONSTANT_CONVERSION = YES;
				CLANG_WARN_DEPRECATED_OBJC_IMPLEMENTATIONS = YES;
				CLANG_WARN_DIRECT_OBJC_ISA_USAGE = YES_ERROR;
				CLANG_WARN_DOCUMENTATION_COMMENTS = YES;
				CLANG_WARN_EMPTY_BODY = YES;
				CLANG_WARN_ENUM_CONVERSION = YES;
				CLANG_WARN_INFINITE_RECURSION = YES;
				CLANG_WARN_INT_CONVERSION = YES;
				CLANG_WARN_NON_LITERAL_NULL_CONVERSION = YES;
				CLANG_WARN_OBJC_IMPLICIT_RETAIN_SELF = YES;
				CLANG_WARN_OBJC_LITERAL_CONVERSION = YES;
				CLANG_WARN_OBJC_ROOT_CLASS = YES_ERROR;
				CLANG_WARN_QUOTED_INCLUDE_IN_FRAMEWORK_HEADER = YES;
				CLANG_WARN_RANGE_LOOP_ANALYSIS = YES;
				CLANG_WARN_STRICT_PROTOTYPES = YES;
				CLANG_WARN_SUSPICIOUS_MOVE = YES;
				CLANG_WARN_UNGUARDED_AVAILABILITY = YES_AGGRESSIVE;
				CLANG_WARN_UNREACHABLE_CODE = YES;
				CLANG_WARN__DUPLICATE_METHOD_MATCH = YES;
				COPY_PHASE_STRIP = NO;
				DEBUG_INFORMATION_FORMAT = "dwarf-with-dsym";
				ENABLE_NS_ASSERTIONS = NO;
				ENABLE_STRICT_OBJC_MSGSEND = YES;
				GCC_C_LANGUAGE_STANDARD = gnu11;
				GCC_NO_COMMON_BLOCKS = YES;
				GCC_WARN_64_TO_32_BIT_CONVERSION = YES;
				GCC_WARN_ABOUT_RETURN_TYPE = YES_ERROR;
				GCC_WARN_UNDECLARED_SELECTOR = YES;
				GCC_WARN_UNINITIALIZED_AUTOS = YES_AGGRESSIVE;
				GCC_WARN_UNUSED_FUNCTION = YES;
				GCC_WARN_UNUSED_VARIABLE = YES;
				IPHONEOS_DEPLOYMENT_TARGET = 12.0;
				MTL_ENABLE_DEBUG_INFO = NO;
				MTL_FAST_MATH = YES;
				SDKROOT = iphoneos;
				SWIFT_COMPILATION_MODE = wholemodule;
				SWIFT_OPTIMIZATION_LEVEL = "-O";
				VALIDATE_PRODUCT = YES;
			};
			name = Release;
		};
		A2E5F5FF2A55A65E0079DE1F /* Debug */ = {
			isa = XCBuildConfiguration;
			baseConfigurationReference = A201B1662AAB324C00E8FA58 /* VKIDDemo.xcconfig */;
			buildSettings = {
				ASSETCATALOG_COMPILER_APPICON_NAME = AppIcon;
				ASSETCATALOG_COMPILER_GLOBAL_ACCENT_COLOR_NAME = AccentColor;
				CODE_SIGN_ENTITLEMENTS = VKIDDemo/Resources/VKIDDemo.entitlements;
				CODE_SIGN_STYLE = Automatic;
				CURRENT_PROJECT_VERSION = 1;
				DEVELOPMENT_TEAM = W8P5V4C6JE;
				GCC_TREAT_WARNINGS_AS_ERRORS = YES;
				GENERATE_INFOPLIST_FILE = YES;
				INFOPLIST_FILE = VKIDDemo/Resources/Info.plist;
				INFOPLIST_KEY_UIApplicationSupportsIndirectInputEvents = YES;
				INFOPLIST_KEY_UILaunchStoryboardName = LaunchScreen.storyboard;
				INFOPLIST_KEY_UIRequiresFullScreen = YES;
				INFOPLIST_KEY_UISupportedInterfaceOrientations = "UIInterfaceOrientationLandscapeLeft UIInterfaceOrientationLandscapeRight UIInterfaceOrientationPortrait UIInterfaceOrientationPortraitUpsideDown";
				IPHONEOS_DEPLOYMENT_TARGET = 12.0;
				LD_RUNPATH_SEARCH_PATHS = (
					"$(inherited)",
					"@executable_path/Frameworks",
				);
				MARKETING_VERSION = 1.0;
				PRODUCT_BUNDLE_IDENTIFIER = com.vk.superappkit.demo.public;
				PRODUCT_NAME = "$(TARGET_NAME)";
				SWIFT_EMIT_LOC_STRINGS = YES;
				SWIFT_TREAT_WARNINGS_AS_ERRORS = YES;
				SWIFT_VERSION = 5.0;
				TARGETED_DEVICE_FAMILY = "1,2";
			};
			name = Debug;
		};
		A2E5F6002A55A65E0079DE1F /* Release */ = {
			isa = XCBuildConfiguration;
			buildSettings = {
				ASSETCATALOG_COMPILER_APPICON_NAME = AppIcon;
				ASSETCATALOG_COMPILER_GLOBAL_ACCENT_COLOR_NAME = AccentColor;
				CODE_SIGN_ENTITLEMENTS = VKIDDemo/Resources/VKIDDemo.entitlements;
				CODE_SIGN_STYLE = Automatic;
				CURRENT_PROJECT_VERSION = 1;
				DEVELOPMENT_TEAM = W8P5V4C6JE;
				ENABLE_TESTABILITY = NO;
				GCC_TREAT_WARNINGS_AS_ERRORS = YES;
				GENERATE_INFOPLIST_FILE = YES;
				INFOPLIST_FILE = VKIDDemo/Resources/Info.plist;
				INFOPLIST_KEY_UIApplicationSupportsIndirectInputEvents = YES;
				INFOPLIST_KEY_UILaunchStoryboardName = LaunchScreen.storyboard;
				INFOPLIST_KEY_UIRequiresFullScreen = YES;
				INFOPLIST_KEY_UISupportedInterfaceOrientations = "UIInterfaceOrientationLandscapeLeft UIInterfaceOrientationLandscapeRight UIInterfaceOrientationPortrait UIInterfaceOrientationPortraitUpsideDown";
				IPHONEOS_DEPLOYMENT_TARGET = 12.0;
				LD_RUNPATH_SEARCH_PATHS = (
					"$(inherited)",
					"@executable_path/Frameworks",
				);
				MARKETING_VERSION = 1.0;
				PRODUCT_BUNDLE_IDENTIFIER = com.vk.superappkit.demo.public;
				PRODUCT_NAME = "$(TARGET_NAME)";
				SWIFT_EMIT_LOC_STRINGS = YES;
				SWIFT_TREAT_WARNINGS_AS_ERRORS = YES;
				SWIFT_VERSION = 5.0;
				TARGETED_DEVICE_FAMILY = "1,2";
			};
			name = Release;
		};
/* End XCBuildConfiguration section */

/* Begin XCConfigurationList section */
		A23148E12ACC5B6C0077B442 /* Build configuration list for PBXNativeTarget "VKIDKeychainTests" */ = {
			isa = XCConfigurationList;
			buildConfigurations = (
				A23148E22ACC5B6C0077B442 /* Debug */,
				A23148E32ACC5B6C0077B442 /* Release */,
			);
			defaultConfigurationIsVisible = 0;
			defaultConfigurationName = Release;
		};
		A25C941E2B8DC54600D0C412 /* Build configuration list for PBXNativeTarget "VKIDSSLPinningTests" */ = {
			isa = XCConfigurationList;
			buildConfigurations = (
				A25C941C2B8DC54600D0C412 /* Debug */,
				A25C941D2B8DC54600D0C412 /* Release */,
			);
			defaultConfigurationIsVisible = 0;
			defaultConfigurationName = Release;
		};
		A2E5F5E52A55A65D0079DE1F /* Build configuration list for PBXProject "VKIDDemo" */ = {
			isa = XCConfigurationList;
			buildConfigurations = (
				A2E5F5FC2A55A65E0079DE1F /* Debug */,
				A2E5F5FD2A55A65E0079DE1F /* Release */,
			);
			defaultConfigurationIsVisible = 0;
			defaultConfigurationName = Release;
		};
		A2E5F5FE2A55A65E0079DE1F /* Build configuration list for PBXNativeTarget "VKIDDemo" */ = {
			isa = XCConfigurationList;
			buildConfigurations = (
				A2E5F5FF2A55A65E0079DE1F /* Debug */,
				A2E5F6002A55A65E0079DE1F /* Release */,
			);
			defaultConfigurationIsVisible = 0;
			defaultConfigurationName = Release;
		};
/* End XCConfigurationList section */

/* Begin XCSwiftPackageProductDependency section */
		176924592BB432B100E98210 /* VKIDAllureReport */ = {
			isa = XCSwiftPackageProductDependency;
			productName = VKIDAllureReport;
		};
		1769245B2BB440B500E98210 /* VKIDAllureReport */ = {
			isa = XCSwiftPackageProductDependency;
			productName = VKIDAllureReport;
		};
		A241BDFD2A55DDB10062825F /* VKID */ = {
			isa = XCSwiftPackageProductDependency;
			productName = VKID;
		};
		A241BDFF2A55DDB10062825F /* VKIDCore */ = {
			isa = XCSwiftPackageProductDependency;
			productName = VKIDCore;
		};
		A254E6392ACC61920035D4F7 /* VKIDCore */ = {
			isa = XCSwiftPackageProductDependency;
			productName = VKIDCore;
		};
		A25C941F2B8DC58800D0C412 /* VKID */ = {
			isa = XCSwiftPackageProductDependency;
			productName = VKID;
		};
		A25C94212B8DC58800D0C412 /* VKIDCore */ = {
			isa = XCSwiftPackageProductDependency;
			productName = VKIDCore;
		};
/* End XCSwiftPackageProductDependency section */
	};
	rootObject = A2E5F5E22A55A65D0079DE1F /* Project object */;
}
